// !$*UTF8*$!
{
	archiveVersion = 1;
	classes = {
	};
	objectVersion = 56;
	objects = {

/* Begin PBXBuildFile section */
		E40613AF297F18160047F2EA /* ErrorView.swift in Sources */ = {isa = PBXBuildFile; fileRef = E40613AE297F18160047F2EA /* ErrorView.swift */; };
		E40613C4297F295F0047F2EA /* FeedPresenter.swift in Sources */ = {isa = PBXBuildFile; fileRef = E40613C3297F295F0047F2EA /* FeedPresenter.swift */; };
		E40613C7297F29D70047F2EA /* Feed.strings in Resources */ = {isa = PBXBuildFile; fileRef = E40613C9297F29D70047F2EA /* Feed.strings */; };
		E40613CF297F2AA60047F2EA /* FeedErrorViewModel.swift in Sources */ = {isa = PBXBuildFile; fileRef = E40613CE297F2AA60047F2EA /* FeedErrorViewModel.swift */; };
		E40613D1297F2AC00047F2EA /* FeedLoadingViewModel.swift in Sources */ = {isa = PBXBuildFile; fileRef = E40613D0297F2AC00047F2EA /* FeedLoadingViewModel.swift */; };
		E40613D3297F2ACE0047F2EA /* FeedViewModel.swift in Sources */ = {isa = PBXBuildFile; fileRef = E40613D2297F2ACE0047F2EA /* FeedViewModel.swift */; };
		E40613D6297F2C220047F2EA /* FeedLocalizationTests.swift in Sources */ = {isa = PBXBuildFile; fileRef = E43F449C291BF1230003D691 /* FeedLocalizationTests.swift */; };
		E40613D8297F312D0047F2EA /* FeedImagePresenterTests.swift in Sources */ = {isa = PBXBuildFile; fileRef = E40613D7297F312D0047F2EA /* FeedImagePresenterTests.swift */; };
		E40613DA297F36A20047F2EA /* FeedImagePresenter.swift in Sources */ = {isa = PBXBuildFile; fileRef = E40613D9297F36A20047F2EA /* FeedImagePresenter.swift */; };
		E40613DC297F373B0047F2EA /* FeedImageViewModel.swift in Sources */ = {isa = PBXBuildFile; fileRef = E40613DB297F373B0047F2EA /* FeedImageViewModel.swift */; };
		E40613DD297FE8B70047F2EA /* FeedImageDataLoader.swift in Sources */ = {isa = PBXBuildFile; fileRef = E43F44762918F69B0003D691 /* FeedImageDataLoader.swift */; };
		E40613DF297FE9150047F2EA /* LoadFeedImageDataFromRemoteUseCaseTests.swift in Sources */ = {isa = PBXBuildFile; fileRef = E40613DE297FE9150047F2EA /* LoadFeedImageDataFromRemoteUseCaseTests.swift */; };
		E40613E2297FF9550047F2EA /* HTTPClientSpy.swift in Sources */ = {isa = PBXBuildFile; fileRef = E40613E1297FF9550047F2EA /* HTTPClientSpy.swift */; };
		E40613E4297FF9D60047F2EA /* RemoteFeedImageDataLoader.swift in Sources */ = {isa = PBXBuildFile; fileRef = E40613E3297FF9D60047F2EA /* RemoteFeedImageDataLoader.swift */; };
		E40613E7297FFDAA0047F2EA /* HTTPURLResponse+StatusCode.swift in Sources */ = {isa = PBXBuildFile; fileRef = E40613E6297FFDAA0047F2EA /* HTTPURLResponse+StatusCode.swift */; };
		E40613E9297FFE0B0047F2EA /* URLProtocolStub.swift in Sources */ = {isa = PBXBuildFile; fileRef = E40613E8297FFE0B0047F2EA /* URLProtocolStub.swift */; };
		E40613EB298000E00047F2EA /* LoadFeedImageDataFromCacheUseCaseTests.swift in Sources */ = {isa = PBXBuildFile; fileRef = E40613EA298000E00047F2EA /* LoadFeedImageDataFromCacheUseCaseTests.swift */; };
		E40613ED2980342B0047F2EA /* FeedImageDataStore.swift in Sources */ = {isa = PBXBuildFile; fileRef = E40613EC2980342B0047F2EA /* FeedImageDataStore.swift */; };
		E40613EF2980343F0047F2EA /* LocalFeedImageDataLoader.swift in Sources */ = {isa = PBXBuildFile; fileRef = E40613EE2980343F0047F2EA /* LocalFeedImageDataLoader.swift */; };
		E40613F1298037860047F2EA /* FeedImageDataStoreSpy.swift in Sources */ = {isa = PBXBuildFile; fileRef = E40613F0298037860047F2EA /* FeedImageDataStoreSpy.swift */; };
		E40613F3298038C40047F2EA /* CacheFeedImageDataUseCaseTests.swift in Sources */ = {isa = PBXBuildFile; fileRef = E40613F2298038C40047F2EA /* CacheFeedImageDataUseCaseTests.swift */; };
		E40613F529803AC50047F2EA /* CoreDataFeedImageDataStoreTests.swift in Sources */ = {isa = PBXBuildFile; fileRef = E40613F429803AC50047F2EA /* CoreDataFeedImageDataStoreTests.swift */; };
		E40613F729803C950047F2EA /* CoreDataFeedStore+FeedImageDataLoader.swift in Sources */ = {isa = PBXBuildFile; fileRef = E40613F629803C950047F2EA /* CoreDataFeedStore+FeedImageDataLoader.swift */; };
		E40613F929803F280047F2EA /* CoreDataFeedStore+FeedStore.swift in Sources */ = {isa = PBXBuildFile; fileRef = E40613F829803F280047F2EA /* CoreDataFeedStore+FeedStore.swift */; };
		E408BDBA297EF6690050DF8C /* EssentialFeed.framework in Frameworks */ = {isa = PBXBuildFile; fileRef = E4868D5828F83C0900BAC699 /* EssentialFeed.framework */; };
		E40A29EC2909C5F30030870D /* LoadFeedFromCacheUseCaseTests.swift in Sources */ = {isa = PBXBuildFile; fileRef = E40A29EB2909C5F30030870D /* LoadFeedFromCacheUseCaseTests.swift */; };
		E40A29EE290AAA1E0030870D /* ValidateFeedCacheUseCaseTests.swift in Sources */ = {isa = PBXBuildFile; fileRef = E40A29ED290AAA1E0030870D /* ValidateFeedCacheUseCaseTests.swift */; };
		E40A29F0290ABBAA0030870D /* FeedCacheTestHelpers.swift in Sources */ = {isa = PBXBuildFile; fileRef = E40A29EF290ABBAA0030870D /* FeedCacheTestHelpers.swift */; };
		E40A29F2290ABC6B0030870D /* SharedTestHelpers.swift in Sources */ = {isa = PBXBuildFile; fileRef = E40A29F1290ABC6B0030870D /* SharedTestHelpers.swift */; };
		E40A29F4290AC6AE0030870D /* FeedCachePolicy.swift in Sources */ = {isa = PBXBuildFile; fileRef = E40A29F3290AC6AE0030870D /* FeedCachePolicy.swift */; };
		E40A29FA2910493A0030870D /* FeedStoreSpecs.swift in Sources */ = {isa = PBXBuildFile; fileRef = E40A29F92910493A0030870D /* FeedStoreSpecs.swift */; };
		E40A29FC291049E30030870D /* XCTestCase+FeedStoreSpecs.swift in Sources */ = {isa = PBXBuildFile; fileRef = E40A29FB291049E30030870D /* XCTestCase+FeedStoreSpecs.swift */; };
		E40A29FE29104E2E0030870D /* XCTestCase+FailableDeleteFeedStoreSpecs.swift in Sources */ = {isa = PBXBuildFile; fileRef = E40A29FD29104E2E0030870D /* XCTestCase+FailableDeleteFeedStoreSpecs.swift */; };
		E40A2A0029104E660030870D /* XCTestCase+FailableInsertFeedStoreSpecs.swift in Sources */ = {isa = PBXBuildFile; fileRef = E40A29FF29104E660030870D /* XCTestCase+FailableInsertFeedStoreSpecs.swift */; };
		E40A2A0329104ED40030870D /* XCTestCase+FailableRetrieveFeedStoreSpecs.swift in Sources */ = {isa = PBXBuildFile; fileRef = E40A2A0229104ED40030870D /* XCTestCase+FailableRetrieveFeedStoreSpecs.swift */; };
		E40DBEFB292EBDDB002870D5 /* CoreDataFeedStoreTests.swift in Sources */ = {isa = PBXBuildFile; fileRef = E40DBEFA292EBDDB002870D5 /* CoreDataFeedStoreTests.swift */; };
		E40DBEFD292EBEF5002870D5 /* CoreDataFeedStore.swift in Sources */ = {isa = PBXBuildFile; fileRef = E40DBEFC292EBEF5002870D5 /* CoreDataFeedStore.swift */; };
		E40DBF04292F9A45002870D5 /* FeedStore.xcdatamodeld in Sources */ = {isa = PBXBuildFile; fileRef = E40DBF02292F9A45002870D5 /* FeedStore.xcdatamodeld */; };
		E40DBF0A292FB6A5002870D5 /* CoreDataHelpers.swift in Sources */ = {isa = PBXBuildFile; fileRef = E40DBF09292FB6A5002870D5 /* CoreDataHelpers.swift */; };
		E40DBF0C292FB6F3002870D5 /* ManagedFeedImage.swift in Sources */ = {isa = PBXBuildFile; fileRef = E40DBF0B292FB6F3002870D5 /* ManagedFeedImage.swift */; };
		E40DBF0E292FB70A002870D5 /* ManagedCache.swift in Sources */ = {isa = PBXBuildFile; fileRef = E40DBF0D292FB70A002870D5 /* ManagedCache.swift */; };
		E40DBF18292FD300002870D5 /* EssentialFeedCacheIntegrationTests.swift in Sources */ = {isa = PBXBuildFile; fileRef = E40DBF17292FD300002870D5 /* EssentialFeedCacheIntegrationTests.swift */; };
		E40DBF1F292FD527002870D5 /* XCTestCase+MemoryLeakTracking.swift in Sources */ = {isa = PBXBuildFile; fileRef = E4868D8228FD3FF800BAC699 /* XCTestCase+MemoryLeakTracking.swift */; };
		E40DBF20292FD66F002870D5 /* FeedCacheTestHelpers.swift in Sources */ = {isa = PBXBuildFile; fileRef = E40A29EF290ABBAA0030870D /* FeedCacheTestHelpers.swift */; };
		E40DBF21292FD693002870D5 /* SharedTestHelpers.swift in Sources */ = {isa = PBXBuildFile; fileRef = E40A29F1290ABC6B0030870D /* SharedTestHelpers.swift */; };
		E414209E290811F2001F2F3F /* CacheFeedUseCaseTests.swift in Sources */ = {isa = PBXBuildFile; fileRef = E414209D290811F2001F2F3F /* CacheFeedUseCaseTests.swift */; };
		E41420A12908375B001F2F3F /* LocalFeedLoader.swift in Sources */ = {isa = PBXBuildFile; fileRef = E41420A02908375B001F2F3F /* LocalFeedLoader.swift */; };
		E41420A3290837CF001F2F3F /* FeedStore.swift in Sources */ = {isa = PBXBuildFile; fileRef = E41420A2290837CF001F2F3F /* FeedStore.swift */; };
		E43F447D291995B70003D691 /* FeedImageCellController.swift in Sources */ = {isa = PBXBuildFile; fileRef = E43F447C291995B70003D691 /* FeedImageCellController.swift */; };
		E43F448B291B9FC10003D691 /* Feed.storyboard in Resources */ = {isa = PBXBuildFile; fileRef = E43F448A291B9FC10003D691 /* Feed.storyboard */; };
		E43F448D291BAB100003D691 /* UITableView+Dequeueing.swift in Sources */ = {isa = PBXBuildFile; fileRef = E43F448C291BAB100003D691 /* UITableView+Dequeueing.swift */; };
		E43F448F291BAC0B0003D691 /* UIImageView+Animations.swift in Sources */ = {isa = PBXBuildFile; fileRef = E43F448E291BAC0B0003D691 /* UIImageView+Animations.swift */; };
		E43F44AA291CF4A00003D691 /* FeedPresenterTests.swift in Sources */ = {isa = PBXBuildFile; fileRef = E43F44A9291CF4A00003D691 /* FeedPresenterTests.swift */; };
		E444974A298130390074ABCF /* FeedCache.swift in Sources */ = {isa = PBXBuildFile; fileRef = E4449749298130390074ABCF /* FeedCache.swift */; };
		E4449752298151840074ABCF /* FeedImageDataCache.swift in Sources */ = {isa = PBXBuildFile; fileRef = E4449751298151840074ABCF /* FeedImageDataCache.swift */; };
		E4456309292FE351008881F2 /* EssentialFeed.framework in Frameworks */ = {isa = PBXBuildFile; fileRef = E4868D5828F83C0900BAC699 /* EssentialFeed.framework */; platformFilter = ios; };
		E445630A292FE351008881F2 /* EssentialFeed.framework in Embed Frameworks */ = {isa = PBXBuildFile; fileRef = E4868D5828F83C0900BAC699 /* EssentialFeed.framework */; platformFilter = ios; settings = {ATTRIBUTES = (CodeSignOnCopy, RemoveHeadersOnCopy, ); }; };
		E453F50E290947C2004FF1EA /* FeedStoreSpy.swift in Sources */ = {isa = PBXBuildFile; fileRef = E453F50D290947C2004FF1EA /* FeedStoreSpy.swift */; };
		E4868D6128F83C0900BAC699 /* EssentialFeed.framework in Frameworks */ = {isa = PBXBuildFile; fileRef = E4868D5828F83C0900BAC699 /* EssentialFeed.framework */; };
		E4868D7128F83C5500BAC699 /* FeedImage.swift in Sources */ = {isa = PBXBuildFile; fileRef = E4868D7028F83C5500BAC699 /* FeedImage.swift */; };
		E4868D7328F83D2200BAC699 /* FeedLoader.swift in Sources */ = {isa = PBXBuildFile; fileRef = E4868D7228F83D2200BAC699 /* FeedLoader.swift */; };
		E4868D7628F83ED800BAC699 /* LoadFeedFromRemoteUseCaseTests.swift in Sources */ = {isa = PBXBuildFile; fileRef = E4868D7528F83ED800BAC699 /* LoadFeedFromRemoteUseCaseTests.swift */; };
		E4868D7928F8463500BAC699 /* RemoteFeedLoader.swift in Sources */ = {isa = PBXBuildFile; fileRef = E4868D7828F8463500BAC699 /* RemoteFeedLoader.swift */; };
		E4868D7B28F8CD2C00BAC699 /* HTTPClient.swift in Sources */ = {isa = PBXBuildFile; fileRef = E4868D7A28F8CD2C00BAC699 /* HTTPClient.swift */; };
		E4868D7D28F8CD7800BAC699 /* FeedItemsMapper.swift in Sources */ = {isa = PBXBuildFile; fileRef = E4868D7C28F8CD7800BAC699 /* FeedItemsMapper.swift */; };
		E4868D8028F97F4D00BAC699 /* URLSessionHTTPClientTests.swift in Sources */ = {isa = PBXBuildFile; fileRef = E4868D7F28F97F4D00BAC699 /* URLSessionHTTPClientTests.swift */; };
		E4868D8328FD3FF800BAC699 /* XCTestCase+MemoryLeakTracking.swift in Sources */ = {isa = PBXBuildFile; fileRef = E4868D8228FD3FF800BAC699 /* XCTestCase+MemoryLeakTracking.swift */; };
		E4868D8528FD4C5200BAC699 /* URLSessionHTTPClient.swift in Sources */ = {isa = PBXBuildFile; fileRef = E4868D8428FD4C5200BAC699 /* URLSessionHTTPClient.swift */; };
		E4868D8D28FDD43B00BAC699 /* EssentialFeedAPIEndToEndTests.swift in Sources */ = {isa = PBXBuildFile; fileRef = E4868D8C28FDD43B00BAC699 /* EssentialFeedAPIEndToEndTests.swift */; };
		E4868D8E28FDD43B00BAC699 /* EssentialFeed.framework in Frameworks */ = {isa = PBXBuildFile; fileRef = E4868D5828F83C0900BAC699 /* EssentialFeed.framework */; };
		E4868D9428FDD79B00BAC699 /* XCTestCase+MemoryLeakTracking.swift in Sources */ = {isa = PBXBuildFile; fileRef = E4868D8228FD3FF800BAC699 /* XCTestCase+MemoryLeakTracking.swift */; };
		E493B39E2917C7DE00A73DF4 /* UIView+Shimmering.swift in Sources */ = {isa = PBXBuildFile; fileRef = E493B39D2917C7DE00A73DF4 /* UIView+Shimmering.swift */; };
		E4B0C9772909404100C934B9 /* RemoteFeedItem.swift in Sources */ = {isa = PBXBuildFile; fileRef = E4B0C9762909404100C934B9 /* RemoteFeedItem.swift */; };
		E4B0C9792909406100C934B9 /* LocalFeedImage.swift in Sources */ = {isa = PBXBuildFile; fileRef = E4B0C9782909406100C934B9 /* LocalFeedImage.swift */; };
		E4B92393298DAD2400AC8B90 /* LoadImageCommentsFromRemoteUseCase.swift in Sources */ = {isa = PBXBuildFile; fileRef = E4B92392298DAD2400AC8B90 /* LoadImageCommentsFromRemoteUseCase.swift */; };
		E4B92395298DADDB00AC8B90 /* RemoteImageCommentsLoader.swift in Sources */ = {isa = PBXBuildFile; fileRef = E4B92394298DADDB00AC8B90 /* RemoteImageCommentsLoader.swift */; };
		E4B92397298DAE4E00AC8B90 /* ImageCommentsMapper.swift in Sources */ = {isa = PBXBuildFile; fileRef = E4B92396298DAE4E00AC8B90 /* ImageCommentsMapper.swift */; };
		E4B92399298DB2B900AC8B90 /* ImageComment.swift in Sources */ = {isa = PBXBuildFile; fileRef = E4B92398298DB2B900AC8B90 /* ImageComment.swift */; };
		E4BAB79029110353006E9772 /* EssentialFeediOS.framework in Frameworks */ = {isa = PBXBuildFile; fileRef = E4BAB78829110353006E9772 /* EssentialFeediOS.framework */; };
		E4BAB7A729116828006E9772 /* XCTestCase+MemoryLeakTracking.swift in Sources */ = {isa = PBXBuildFile; fileRef = E4868D8228FD3FF800BAC699 /* XCTestCase+MemoryLeakTracking.swift */; };
		E4BAB7A9291170B0006E9772 /* FeedViewController.swift in Sources */ = {isa = PBXBuildFile; fileRef = E4BAB7A8291170B0006E9772 /* FeedViewController.swift */; };
		E4BAB7AB2911A0A4006E9772 /* FeedImageCell.swift in Sources */ = {isa = PBXBuildFile; fileRef = E4BAB7AA2911A0A4006E9772 /* FeedImageCell.swift */; };
		E4F920ED2988F01900CCEBE7 /* FeedSnapshotTests.swift in Sources */ = {isa = PBXBuildFile; fileRef = E4F920EC2988F01900CCEBE7 /* FeedSnapshotTests.swift */; };
		E4F920EF2988F3CB00CCEBE7 /* UIImage+TestHelpers.swift in Sources */ = {isa = PBXBuildFile; fileRef = E4F920EE2988F3CB00CCEBE7 /* UIImage+TestHelpers.swift */; };
		E4F920F22988F48300CCEBE7 /* UITableView+HeaderSizing.swift in Sources */ = {isa = PBXBuildFile; fileRef = E4F920F12988F48300CCEBE7 /* UITableView+HeaderSizing.swift */; };
		E4F920F42988FB7B00CCEBE7 /* UIViewController+Snapshot.swift in Sources */ = {isa = PBXBuildFile; fileRef = E4F920F32988FB7B00CCEBE7 /* UIViewController+Snapshot.swift */; };
		E4F920F62988FBD900CCEBE7 /* XCTestCase+Snasphot.swift in Sources */ = {isa = PBXBuildFile; fileRef = E4F920F52988FBD900CCEBE7 /* XCTestCase+Snasphot.swift */; };
/* End PBXBuildFile section */

/* Begin PBXContainerItemProxy section */
		E408BDB8297EF6650050DF8C /* PBXContainerItemProxy */ = {
			isa = PBXContainerItemProxy;
			containerPortal = E4868D4F28F83C0900BAC699 /* Project object */;
			proxyType = 1;
			remoteGlobalIDString = E4868D5728F83C0900BAC699;
			remoteInfo = EssentialFeed;
		};
		E445630B292FE351008881F2 /* PBXContainerItemProxy */ = {
			isa = PBXContainerItemProxy;
			containerPortal = E4868D4F28F83C0900BAC699 /* Project object */;
			proxyType = 1;
			remoteGlobalIDString = E4868D5728F83C0900BAC699;
			remoteInfo = EssentialFeed;
		};
		E4868D6228F83C0900BAC699 /* PBXContainerItemProxy */ = {
			isa = PBXContainerItemProxy;
			containerPortal = E4868D4F28F83C0900BAC699 /* Project object */;
			proxyType = 1;
			remoteGlobalIDString = E4868D5728F83C0900BAC699;
			remoteInfo = EssentialFeed;
		};
		E4868D8F28FDD43B00BAC699 /* PBXContainerItemProxy */ = {
			isa = PBXContainerItemProxy;
			containerPortal = E4868D4F28F83C0900BAC699 /* Project object */;
			proxyType = 1;
			remoteGlobalIDString = E4868D5728F83C0900BAC699;
			remoteInfo = EssentialFeed;
		};
		E4BAB79129110353006E9772 /* PBXContainerItemProxy */ = {
			isa = PBXContainerItemProxy;
			containerPortal = E4868D4F28F83C0900BAC699 /* Project object */;
			proxyType = 1;
			remoteGlobalIDString = E4BAB78729110353006E9772;
			remoteInfo = EssentialFeediOS;
		};
/* End PBXContainerItemProxy section */

/* Begin PBXCopyFilesBuildPhase section */
		E445630D292FE351008881F2 /* Embed Frameworks */ = {
			isa = PBXCopyFilesBuildPhase;
			buildActionMask = 2147483647;
			dstPath = "";
			dstSubfolderSpec = 10;
			files = (
				E445630A292FE351008881F2 /* EssentialFeed.framework in Embed Frameworks */,
			);
			name = "Embed Frameworks";
			runOnlyForDeploymentPostprocessing = 0;
		};
/* End PBXCopyFilesBuildPhase section */

/* Begin PBXFileReference section */
		E40613AE297F18160047F2EA /* ErrorView.swift */ = {isa = PBXFileReference; lastKnownFileType = sourcecode.swift; path = ErrorView.swift; sourceTree = "<group>"; };
		E40613C3297F295F0047F2EA /* FeedPresenter.swift */ = {isa = PBXFileReference; lastKnownFileType = sourcecode.swift; path = FeedPresenter.swift; sourceTree = "<group>"; };
		E40613C8297F29D70047F2EA /* en */ = {isa = PBXFileReference; lastKnownFileType = text.plist.strings; name = en; path = en.lproj/Feed.strings; sourceTree = "<group>"; };
		E40613CA297F2A530047F2EA /* pt-BR */ = {isa = PBXFileReference; lastKnownFileType = text.plist.strings; name = "pt-BR"; path = "pt-BR.lproj/Feed.strings"; sourceTree = "<group>"; };
		E40613CC297F2A5B0047F2EA /* el */ = {isa = PBXFileReference; lastKnownFileType = text.plist.strings; name = el; path = el.lproj/Feed.strings; sourceTree = "<group>"; };
		E40613CE297F2AA60047F2EA /* FeedErrorViewModel.swift */ = {isa = PBXFileReference; lastKnownFileType = sourcecode.swift; path = FeedErrorViewModel.swift; sourceTree = "<group>"; };
		E40613D0297F2AC00047F2EA /* FeedLoadingViewModel.swift */ = {isa = PBXFileReference; lastKnownFileType = sourcecode.swift; path = FeedLoadingViewModel.swift; sourceTree = "<group>"; };
		E40613D2297F2ACE0047F2EA /* FeedViewModel.swift */ = {isa = PBXFileReference; lastKnownFileType = sourcecode.swift; path = FeedViewModel.swift; sourceTree = "<group>"; };
		E40613D7297F312D0047F2EA /* FeedImagePresenterTests.swift */ = {isa = PBXFileReference; lastKnownFileType = sourcecode.swift; path = FeedImagePresenterTests.swift; sourceTree = "<group>"; };
		E40613D9297F36A20047F2EA /* FeedImagePresenter.swift */ = {isa = PBXFileReference; lastKnownFileType = sourcecode.swift; path = FeedImagePresenter.swift; sourceTree = "<group>"; };
		E40613DB297F373B0047F2EA /* FeedImageViewModel.swift */ = {isa = PBXFileReference; lastKnownFileType = sourcecode.swift; path = FeedImageViewModel.swift; sourceTree = "<group>"; };
		E40613DE297FE9150047F2EA /* LoadFeedImageDataFromRemoteUseCaseTests.swift */ = {isa = PBXFileReference; lastKnownFileType = sourcecode.swift; path = LoadFeedImageDataFromRemoteUseCaseTests.swift; sourceTree = "<group>"; };
		E40613E1297FF9550047F2EA /* HTTPClientSpy.swift */ = {isa = PBXFileReference; lastKnownFileType = sourcecode.swift; path = HTTPClientSpy.swift; sourceTree = "<group>"; };
		E40613E3297FF9D60047F2EA /* RemoteFeedImageDataLoader.swift */ = {isa = PBXFileReference; lastKnownFileType = sourcecode.swift; path = RemoteFeedImageDataLoader.swift; sourceTree = "<group>"; };
		E40613E6297FFDAA0047F2EA /* HTTPURLResponse+StatusCode.swift */ = {isa = PBXFileReference; lastKnownFileType = sourcecode.swift; path = "HTTPURLResponse+StatusCode.swift"; sourceTree = "<group>"; };
		E40613E8297FFE0B0047F2EA /* URLProtocolStub.swift */ = {isa = PBXFileReference; lastKnownFileType = sourcecode.swift; path = URLProtocolStub.swift; sourceTree = "<group>"; };
		E40613EA298000E00047F2EA /* LoadFeedImageDataFromCacheUseCaseTests.swift */ = {isa = PBXFileReference; lastKnownFileType = sourcecode.swift; path = LoadFeedImageDataFromCacheUseCaseTests.swift; sourceTree = "<group>"; };
		E40613EC2980342B0047F2EA /* FeedImageDataStore.swift */ = {isa = PBXFileReference; lastKnownFileType = sourcecode.swift; path = FeedImageDataStore.swift; sourceTree = "<group>"; };
		E40613EE2980343F0047F2EA /* LocalFeedImageDataLoader.swift */ = {isa = PBXFileReference; lastKnownFileType = sourcecode.swift; path = LocalFeedImageDataLoader.swift; sourceTree = "<group>"; };
		E40613F0298037860047F2EA /* FeedImageDataStoreSpy.swift */ = {isa = PBXFileReference; lastKnownFileType = sourcecode.swift; path = FeedImageDataStoreSpy.swift; sourceTree = "<group>"; };
		E40613F2298038C40047F2EA /* CacheFeedImageDataUseCaseTests.swift */ = {isa = PBXFileReference; lastKnownFileType = sourcecode.swift; path = CacheFeedImageDataUseCaseTests.swift; sourceTree = "<group>"; };
		E40613F429803AC50047F2EA /* CoreDataFeedImageDataStoreTests.swift */ = {isa = PBXFileReference; lastKnownFileType = sourcecode.swift; path = CoreDataFeedImageDataStoreTests.swift; sourceTree = "<group>"; };
		E40613F629803C950047F2EA /* CoreDataFeedStore+FeedImageDataLoader.swift */ = {isa = PBXFileReference; lastKnownFileType = sourcecode.swift; path = "CoreDataFeedStore+FeedImageDataLoader.swift"; sourceTree = "<group>"; };
		E40613F829803F280047F2EA /* CoreDataFeedStore+FeedStore.swift */ = {isa = PBXFileReference; lastKnownFileType = sourcecode.swift; path = "CoreDataFeedStore+FeedStore.swift"; sourceTree = "<group>"; };
		E40A29EB2909C5F30030870D /* LoadFeedFromCacheUseCaseTests.swift */ = {isa = PBXFileReference; lastKnownFileType = sourcecode.swift; path = LoadFeedFromCacheUseCaseTests.swift; sourceTree = "<group>"; };
		E40A29ED290AAA1E0030870D /* ValidateFeedCacheUseCaseTests.swift */ = {isa = PBXFileReference; lastKnownFileType = sourcecode.swift; path = ValidateFeedCacheUseCaseTests.swift; sourceTree = "<group>"; };
		E40A29EF290ABBAA0030870D /* FeedCacheTestHelpers.swift */ = {isa = PBXFileReference; lastKnownFileType = sourcecode.swift; path = FeedCacheTestHelpers.swift; sourceTree = "<group>"; };
		E40A29F1290ABC6B0030870D /* SharedTestHelpers.swift */ = {isa = PBXFileReference; lastKnownFileType = sourcecode.swift; path = SharedTestHelpers.swift; sourceTree = "<group>"; };
		E40A29F3290AC6AE0030870D /* FeedCachePolicy.swift */ = {isa = PBXFileReference; lastKnownFileType = sourcecode.swift; path = FeedCachePolicy.swift; sourceTree = "<group>"; };
		E40A29F92910493A0030870D /* FeedStoreSpecs.swift */ = {isa = PBXFileReference; lastKnownFileType = sourcecode.swift; path = FeedStoreSpecs.swift; sourceTree = "<group>"; };
		E40A29FB291049E30030870D /* XCTestCase+FeedStoreSpecs.swift */ = {isa = PBXFileReference; lastKnownFileType = sourcecode.swift; path = "XCTestCase+FeedStoreSpecs.swift"; sourceTree = "<group>"; };
		E40A29FD29104E2E0030870D /* XCTestCase+FailableDeleteFeedStoreSpecs.swift */ = {isa = PBXFileReference; lastKnownFileType = sourcecode.swift; path = "XCTestCase+FailableDeleteFeedStoreSpecs.swift"; sourceTree = "<group>"; };
		E40A29FF29104E660030870D /* XCTestCase+FailableInsertFeedStoreSpecs.swift */ = {isa = PBXFileReference; lastKnownFileType = sourcecode.swift; path = "XCTestCase+FailableInsertFeedStoreSpecs.swift"; sourceTree = "<group>"; };
		E40A2A0229104ED40030870D /* XCTestCase+FailableRetrieveFeedStoreSpecs.swift */ = {isa = PBXFileReference; lastKnownFileType = sourcecode.swift; path = "XCTestCase+FailableRetrieveFeedStoreSpecs.swift"; sourceTree = "<group>"; };
		E40DBEFA292EBDDB002870D5 /* CoreDataFeedStoreTests.swift */ = {isa = PBXFileReference; lastKnownFileType = sourcecode.swift; path = CoreDataFeedStoreTests.swift; sourceTree = "<group>"; };
		E40DBEFC292EBEF5002870D5 /* CoreDataFeedStore.swift */ = {isa = PBXFileReference; lastKnownFileType = sourcecode.swift; path = CoreDataFeedStore.swift; sourceTree = "<group>"; };
		E40DBF03292F9A45002870D5 /* FeedStore.xcdatamodel */ = {isa = PBXFileReference; lastKnownFileType = wrapper.xcdatamodel; path = FeedStore.xcdatamodel; sourceTree = "<group>"; };
		E40DBF09292FB6A5002870D5 /* CoreDataHelpers.swift */ = {isa = PBXFileReference; lastKnownFileType = sourcecode.swift; path = CoreDataHelpers.swift; sourceTree = "<group>"; };
		E40DBF0B292FB6F3002870D5 /* ManagedFeedImage.swift */ = {isa = PBXFileReference; lastKnownFileType = sourcecode.swift; path = ManagedFeedImage.swift; sourceTree = "<group>"; };
		E40DBF0D292FB70A002870D5 /* ManagedCache.swift */ = {isa = PBXFileReference; lastKnownFileType = sourcecode.swift; path = ManagedCache.swift; sourceTree = "<group>"; };
		E40DBF15292FD300002870D5 /* EssentialFeedCacheIntegrationTests.xctest */ = {isa = PBXFileReference; explicitFileType = wrapper.cfbundle; includeInIndex = 0; path = EssentialFeedCacheIntegrationTests.xctest; sourceTree = BUILT_PRODUCTS_DIR; };
		E40DBF17292FD300002870D5 /* EssentialFeedCacheIntegrationTests.swift */ = {isa = PBXFileReference; lastKnownFileType = sourcecode.swift; path = EssentialFeedCacheIntegrationTests.swift; sourceTree = "<group>"; };
		E414209D290811F2001F2F3F /* CacheFeedUseCaseTests.swift */ = {isa = PBXFileReference; lastKnownFileType = sourcecode.swift; path = CacheFeedUseCaseTests.swift; sourceTree = "<group>"; };
		E41420A02908375B001F2F3F /* LocalFeedLoader.swift */ = {isa = PBXFileReference; lastKnownFileType = sourcecode.swift; path = LocalFeedLoader.swift; sourceTree = "<group>"; };
		E41420A2290837CF001F2F3F /* FeedStore.swift */ = {isa = PBXFileReference; lastKnownFileType = sourcecode.swift; path = FeedStore.swift; sourceTree = "<group>"; };
		E43F44762918F69B0003D691 /* FeedImageDataLoader.swift */ = {isa = PBXFileReference; lastKnownFileType = sourcecode.swift; path = FeedImageDataLoader.swift; sourceTree = "<group>"; };
		E43F447C291995B70003D691 /* FeedImageCellController.swift */ = {isa = PBXFileReference; lastKnownFileType = sourcecode.swift; path = FeedImageCellController.swift; sourceTree = "<group>"; };
		E43F448A291B9FC10003D691 /* Feed.storyboard */ = {isa = PBXFileReference; lastKnownFileType = file.storyboard; path = Feed.storyboard; sourceTree = "<group>"; };
		E43F448C291BAB100003D691 /* UITableView+Dequeueing.swift */ = {isa = PBXFileReference; lastKnownFileType = sourcecode.swift; path = "UITableView+Dequeueing.swift"; sourceTree = "<group>"; };
		E43F448E291BAC0B0003D691 /* UIImageView+Animations.swift */ = {isa = PBXFileReference; lastKnownFileType = sourcecode.swift; path = "UIImageView+Animations.swift"; sourceTree = "<group>"; };
		E43F449C291BF1230003D691 /* FeedLocalizationTests.swift */ = {isa = PBXFileReference; lastKnownFileType = sourcecode.swift; path = FeedLocalizationTests.swift; sourceTree = "<group>"; };
		E43F44A9291CF4A00003D691 /* FeedPresenterTests.swift */ = {isa = PBXFileReference; lastKnownFileType = sourcecode.swift; path = FeedPresenterTests.swift; sourceTree = "<group>"; };
		E4449749298130390074ABCF /* FeedCache.swift */ = {isa = PBXFileReference; lastKnownFileType = sourcecode.swift; path = FeedCache.swift; sourceTree = "<group>"; };
		E4449751298151840074ABCF /* FeedImageDataCache.swift */ = {isa = PBXFileReference; lastKnownFileType = sourcecode.swift; path = FeedImageDataCache.swift; sourceTree = "<group>"; };
		E453F50D290947C2004FF1EA /* FeedStoreSpy.swift */ = {isa = PBXFileReference; lastKnownFileType = sourcecode.swift; path = FeedStoreSpy.swift; sourceTree = "<group>"; };
		E4868D5828F83C0900BAC699 /* EssentialFeed.framework */ = {isa = PBXFileReference; explicitFileType = wrapper.framework; includeInIndex = 0; path = EssentialFeed.framework; sourceTree = BUILT_PRODUCTS_DIR; };
		E4868D6028F83C0900BAC699 /* EssentialFeedTests.xctest */ = {isa = PBXFileReference; explicitFileType = wrapper.cfbundle; includeInIndex = 0; path = EssentialFeedTests.xctest; sourceTree = BUILT_PRODUCTS_DIR; };
		E4868D7028F83C5500BAC699 /* FeedImage.swift */ = {isa = PBXFileReference; lastKnownFileType = sourcecode.swift; path = FeedImage.swift; sourceTree = "<group>"; };
		E4868D7228F83D2200BAC699 /* FeedLoader.swift */ = {isa = PBXFileReference; lastKnownFileType = sourcecode.swift; path = FeedLoader.swift; sourceTree = "<group>"; };
		E4868D7528F83ED800BAC699 /* LoadFeedFromRemoteUseCaseTests.swift */ = {isa = PBXFileReference; lastKnownFileType = sourcecode.swift; path = LoadFeedFromRemoteUseCaseTests.swift; sourceTree = "<group>"; };
		E4868D7828F8463500BAC699 /* RemoteFeedLoader.swift */ = {isa = PBXFileReference; lastKnownFileType = sourcecode.swift; path = RemoteFeedLoader.swift; sourceTree = "<group>"; };
		E4868D7A28F8CD2C00BAC699 /* HTTPClient.swift */ = {isa = PBXFileReference; lastKnownFileType = sourcecode.swift; path = HTTPClient.swift; sourceTree = "<group>"; };
		E4868D7C28F8CD7800BAC699 /* FeedItemsMapper.swift */ = {isa = PBXFileReference; lastKnownFileType = sourcecode.swift; path = FeedItemsMapper.swift; sourceTree = "<group>"; };
		E4868D7F28F97F4D00BAC699 /* URLSessionHTTPClientTests.swift */ = {isa = PBXFileReference; lastKnownFileType = sourcecode.swift; path = URLSessionHTTPClientTests.swift; sourceTree = "<group>"; };
		E4868D8228FD3FF800BAC699 /* XCTestCase+MemoryLeakTracking.swift */ = {isa = PBXFileReference; lastKnownFileType = sourcecode.swift; path = "XCTestCase+MemoryLeakTracking.swift"; sourceTree = "<group>"; };
		E4868D8428FD4C5200BAC699 /* URLSessionHTTPClient.swift */ = {isa = PBXFileReference; lastKnownFileType = sourcecode.swift; path = URLSessionHTTPClient.swift; sourceTree = "<group>"; };
		E4868D8A28FDD43B00BAC699 /* EssentialFeedAPIEndToEndTests.xctest */ = {isa = PBXFileReference; explicitFileType = wrapper.cfbundle; includeInIndex = 0; path = EssentialFeedAPIEndToEndTests.xctest; sourceTree = BUILT_PRODUCTS_DIR; };
		E4868D8C28FDD43B00BAC699 /* EssentialFeedAPIEndToEndTests.swift */ = {isa = PBXFileReference; lastKnownFileType = sourcecode.swift; path = EssentialFeedAPIEndToEndTests.swift; sourceTree = "<group>"; };
		E493B39D2917C7DE00A73DF4 /* UIView+Shimmering.swift */ = {isa = PBXFileReference; lastKnownFileType = sourcecode.swift; path = "UIView+Shimmering.swift"; sourceTree = "<group>"; };
		E4B0C9762909404100C934B9 /* RemoteFeedItem.swift */ = {isa = PBXFileReference; lastKnownFileType = sourcecode.swift; path = RemoteFeedItem.swift; sourceTree = "<group>"; };
		E4B0C9782909406100C934B9 /* LocalFeedImage.swift */ = {isa = PBXFileReference; lastKnownFileType = sourcecode.swift; path = LocalFeedImage.swift; sourceTree = "<group>"; };
		E4B92392298DAD2400AC8B90 /* LoadImageCommentsFromRemoteUseCase.swift */ = {isa = PBXFileReference; lastKnownFileType = sourcecode.swift; path = LoadImageCommentsFromRemoteUseCase.swift; sourceTree = "<group>"; };
		E4B92394298DADDB00AC8B90 /* RemoteImageCommentsLoader.swift */ = {isa = PBXFileReference; lastKnownFileType = sourcecode.swift; path = RemoteImageCommentsLoader.swift; sourceTree = "<group>"; };
		E4B92396298DAE4E00AC8B90 /* ImageCommentsMapper.swift */ = {isa = PBXFileReference; lastKnownFileType = sourcecode.swift; path = ImageCommentsMapper.swift; sourceTree = "<group>"; };
		E4B92398298DB2B900AC8B90 /* ImageComment.swift */ = {isa = PBXFileReference; lastKnownFileType = sourcecode.swift; path = ImageComment.swift; sourceTree = "<group>"; };
		E4BAB78829110353006E9772 /* EssentialFeediOS.framework */ = {isa = PBXFileReference; explicitFileType = wrapper.framework; includeInIndex = 0; path = EssentialFeediOS.framework; sourceTree = BUILT_PRODUCTS_DIR; };
		E4BAB78F29110353006E9772 /* EssentialFeediOSTests.xctest */ = {isa = PBXFileReference; explicitFileType = wrapper.cfbundle; includeInIndex = 0; path = EssentialFeediOSTests.xctest; sourceTree = BUILT_PRODUCTS_DIR; };
		E4BAB7A8291170B0006E9772 /* FeedViewController.swift */ = {isa = PBXFileReference; lastKnownFileType = sourcecode.swift; path = FeedViewController.swift; sourceTree = "<group>"; };
		E4BAB7AA2911A0A4006E9772 /* FeedImageCell.swift */ = {isa = PBXFileReference; lastKnownFileType = sourcecode.swift; path = FeedImageCell.swift; sourceTree = "<group>"; };
		E4F920EC2988F01900CCEBE7 /* FeedSnapshotTests.swift */ = {isa = PBXFileReference; lastKnownFileType = sourcecode.swift; path = FeedSnapshotTests.swift; sourceTree = "<group>"; };
		E4F920EE2988F3CB00CCEBE7 /* UIImage+TestHelpers.swift */ = {isa = PBXFileReference; lastKnownFileType = sourcecode.swift; path = "UIImage+TestHelpers.swift"; sourceTree = "<group>"; };
		E4F920F12988F48300CCEBE7 /* UITableView+HeaderSizing.swift */ = {isa = PBXFileReference; lastKnownFileType = sourcecode.swift; path = "UITableView+HeaderSizing.swift"; sourceTree = "<group>"; };
		E4F920F32988FB7B00CCEBE7 /* UIViewController+Snapshot.swift */ = {isa = PBXFileReference; lastKnownFileType = sourcecode.swift; path = "UIViewController+Snapshot.swift"; sourceTree = "<group>"; };
		E4F920F52988FBD900CCEBE7 /* XCTestCase+Snasphot.swift */ = {isa = PBXFileReference; lastKnownFileType = sourcecode.swift; path = "XCTestCase+Snasphot.swift"; sourceTree = "<group>"; };
/* End PBXFileReference section */

/* Begin PBXFrameworksBuildPhase section */
		E40DBF12292FD300002870D5 /* Frameworks */ = {
			isa = PBXFrameworksBuildPhase;
			buildActionMask = 2147483647;
			files = (
				E408BDBA297EF6690050DF8C /* EssentialFeed.framework in Frameworks */,
			);
			runOnlyForDeploymentPostprocessing = 0;
		};
		E4868D5528F83C0900BAC699 /* Frameworks */ = {
			isa = PBXFrameworksBuildPhase;
			buildActionMask = 2147483647;
			files = (
			);
			runOnlyForDeploymentPostprocessing = 0;
		};
		E4868D5D28F83C0900BAC699 /* Frameworks */ = {
			isa = PBXFrameworksBuildPhase;
			buildActionMask = 2147483647;
			files = (
				E4868D6128F83C0900BAC699 /* EssentialFeed.framework in Frameworks */,
			);
			runOnlyForDeploymentPostprocessing = 0;
		};
		E4868D8728FDD43B00BAC699 /* Frameworks */ = {
			isa = PBXFrameworksBuildPhase;
			buildActionMask = 2147483647;
			files = (
				E4868D8E28FDD43B00BAC699 /* EssentialFeed.framework in Frameworks */,
			);
			runOnlyForDeploymentPostprocessing = 0;
		};
		E4BAB78529110353006E9772 /* Frameworks */ = {
			isa = PBXFrameworksBuildPhase;
			buildActionMask = 2147483647;
			files = (
				E4456309292FE351008881F2 /* EssentialFeed.framework in Frameworks */,
			);
			runOnlyForDeploymentPostprocessing = 0;
		};
		E4BAB78C29110353006E9772 /* Frameworks */ = {
			isa = PBXFrameworksBuildPhase;
			buildActionMask = 2147483647;
			files = (
				E4BAB79029110353006E9772 /* EssentialFeediOS.framework in Frameworks */,
			);
			runOnlyForDeploymentPostprocessing = 0;
		};
/* End PBXFrameworksBuildPhase section */

/* Begin PBXGroup section */
		E40613AD297F17890047F2EA /* Helpers */ = {
			isa = PBXGroup;
			children = (
				E493B39D2917C7DE00A73DF4 /* UIView+Shimmering.swift */,
				E43F448C291BAB100003D691 /* UITableView+Dequeueing.swift */,
				E43F448E291BAC0B0003D691 /* UIImageView+Animations.swift */,
				E4F920F12988F48300CCEBE7 /* UITableView+HeaderSizing.swift */,
			);
			path = Helpers;
			sourceTree = "<group>";
		};
		E40613C2297F29400047F2EA /* Feed Presentation */ = {
			isa = PBXGroup;
			children = (
				E40613C3297F295F0047F2EA /* FeedPresenter.swift */,
				E40613D2297F2ACE0047F2EA /* FeedViewModel.swift */,
				E40613D0297F2AC00047F2EA /* FeedLoadingViewModel.swift */,
				E40613CE297F2AA60047F2EA /* FeedErrorViewModel.swift */,
				E40613D9297F36A20047F2EA /* FeedImagePresenter.swift */,
				E40613DB297F373B0047F2EA /* FeedImageViewModel.swift */,
				E40613C9297F29D70047F2EA /* Feed.strings */,
			);
			path = "Feed Presentation";
			sourceTree = "<group>";
		};
		E40613E0297FF94C0047F2EA /* Helpers */ = {
			isa = PBXGroup;
			children = (
				E40613E8297FFE0B0047F2EA /* URLProtocolStub.swift */,
			);
			path = Helpers;
			sourceTree = "<group>";
		};
		E40613E5297FFD9A0047F2EA /* Helpers */ = {
			isa = PBXGroup;
			children = (
				E40613E6297FFDAA0047F2EA /* HTTPURLResponse+StatusCode.swift */,
			);
			path = Helpers;
			sourceTree = "<group>";
		};
		E40A2A0129104EB30030870D /* FeedStoreSpecs */ = {
			isa = PBXGroup;
			children = (
				E40A29F92910493A0030870D /* FeedStoreSpecs.swift */,
				E40A29FB291049E30030870D /* XCTestCase+FeedStoreSpecs.swift */,
				E40A29FD29104E2E0030870D /* XCTestCase+FailableDeleteFeedStoreSpecs.swift */,
				E40A29FF29104E660030870D /* XCTestCase+FailableInsertFeedStoreSpecs.swift */,
				E40A2A0229104ED40030870D /* XCTestCase+FailableRetrieveFeedStoreSpecs.swift */,
			);
			path = FeedStoreSpecs;
			sourceTree = "<group>";
		};
		E40DBF06292FB60C002870D5 /* Infrastucture */ = {
			isa = PBXGroup;
			children = (
				E40DBF07292FB68C002870D5 /* CoreData */,
			);
			path = Infrastucture;
			sourceTree = "<group>";
		};
		E40DBF07292FB68C002870D5 /* CoreData */ = {
			isa = PBXGroup;
			children = (
				E40DBEFC292EBEF5002870D5 /* CoreDataFeedStore.swift */,
				E40DBF09292FB6A5002870D5 /* CoreDataHelpers.swift */,
				E40DBF02292F9A45002870D5 /* FeedStore.xcdatamodeld */,
				E40DBF0B292FB6F3002870D5 /* ManagedFeedImage.swift */,
				E40DBF0D292FB70A002870D5 /* ManagedCache.swift */,
				E40613F829803F280047F2EA /* CoreDataFeedStore+FeedStore.swift */,
				E40613F629803C950047F2EA /* CoreDataFeedStore+FeedImageDataLoader.swift */,
			);
			path = CoreData;
			sourceTree = "<group>";
		};
		E40DBF16292FD300002870D5 /* EssentialFeedCacheIntegrationTests */ = {
			isa = PBXGroup;
			children = (
				E40DBF17292FD300002870D5 /* EssentialFeedCacheIntegrationTests.swift */,
			);
			path = EssentialFeedCacheIntegrationTests;
			sourceTree = "<group>";
		};
		E414209C290811DF001F2F3F /* Feed Cache */ = {
			isa = PBXGroup;
			children = (
				E453F50C290947BA004FF1EA /* Helpers */,
				E414209D290811F2001F2F3F /* CacheFeedUseCaseTests.swift */,
				E40A29EB2909C5F30030870D /* LoadFeedFromCacheUseCaseTests.swift */,
				E40A29ED290AAA1E0030870D /* ValidateFeedCacheUseCaseTests.swift */,
				E40A2A0129104EB30030870D /* FeedStoreSpecs */,
				E40DBEFA292EBDDB002870D5 /* CoreDataFeedStoreTests.swift */,
				E40613EA298000E00047F2EA /* LoadFeedImageDataFromCacheUseCaseTests.swift */,
				E40613F2298038C40047F2EA /* CacheFeedImageDataUseCaseTests.swift */,
				E40613F429803AC50047F2EA /* CoreDataFeedImageDataStoreTests.swift */,
			);
			path = "Feed Cache";
			sourceTree = "<group>";
		};
		E414209F2908374F001F2F3F /* Feed Cache */ = {
			isa = PBXGroup;
			children = (
				E40DBF06292FB60C002870D5 /* Infrastucture */,
				E41420A02908375B001F2F3F /* LocalFeedLoader.swift */,
				E41420A2290837CF001F2F3F /* FeedStore.swift */,
				E4B0C9782909406100C934B9 /* LocalFeedImage.swift */,
				E40A29F3290AC6AE0030870D /* FeedCachePolicy.swift */,
				E40613EC2980342B0047F2EA /* FeedImageDataStore.swift */,
				E40613EE2980343F0047F2EA /* LocalFeedImageDataLoader.swift */,
			);
			path = "Feed Cache";
			sourceTree = "<group>";
		};
		E43F44722918F66B0003D691 /* Feed UI */ = {
			isa = PBXGroup;
			children = (
				E43F44742918F67E0003D691 /* Controllers */,
				E43F44732918F6760003D691 /* Views */,
			);
			path = "Feed UI";
			sourceTree = "<group>";
		};
		E43F44732918F6760003D691 /* Views */ = {
			isa = PBXGroup;
			children = (
				E40613AD297F17890047F2EA /* Helpers */,
				E4BAB7AA2911A0A4006E9772 /* FeedImageCell.swift */,
				E40613AE297F18160047F2EA /* ErrorView.swift */,
				E43F448A291B9FC10003D691 /* Feed.storyboard */,
			);
			path = Views;
			sourceTree = "<group>";
		};
		E43F44742918F67E0003D691 /* Controllers */ = {
			isa = PBXGroup;
			children = (
				E4BAB7A8291170B0006E9772 /* FeedViewController.swift */,
				E43F447C291995B70003D691 /* FeedImageCellController.swift */,
			);
			path = Controllers;
			sourceTree = "<group>";
		};
		E43F44A8291CF48A0003D691 /* Feed Presentation */ = {
			isa = PBXGroup;
			children = (
				E43F44A9291CF4A00003D691 /* FeedPresenterTests.swift */,
				E40613D7297F312D0047F2EA /* FeedImagePresenterTests.swift */,
				E43F449C291BF1230003D691 /* FeedLocalizationTests.swift */,
			);
			path = "Feed Presentation";
			sourceTree = "<group>";
		};
		E453F50C290947BA004FF1EA /* Helpers */ = {
			isa = PBXGroup;
			children = (
				E453F50D290947C2004FF1EA /* FeedStoreSpy.swift */,
				E40A29EF290ABBAA0030870D /* FeedCacheTestHelpers.swift */,
				E40613F0298037860047F2EA /* FeedImageDataStoreSpy.swift */,
			);
			path = Helpers;
			sourceTree = "<group>";
		};
		E4868D4E28F83C0900BAC699 = {
			isa = PBXGroup;
			children = (
				E4868D5A28F83C0900BAC699 /* EssentialFeed */,
				E4868D6428F83C0900BAC699 /* EssentialFeedTests */,
				E4868D8B28FDD43B00BAC699 /* EssentialFeedAPIEndToEndTests */,
				E40DBF16292FD300002870D5 /* EssentialFeedCacheIntegrationTests */,
				E4BAB78929110353006E9772 /* EssentialFeediOS */,
				E4BAB79329110353006E9772 /* EssentialFeediOSTests */,
				E4868D5928F83C0900BAC699 /* Products */,
				E4BAB79F291159B4006E9772 /* Frameworks */,
			);
			sourceTree = "<group>";
		};
		E4868D5928F83C0900BAC699 /* Products */ = {
			isa = PBXGroup;
			children = (
				E4868D5828F83C0900BAC699 /* EssentialFeed.framework */,
				E4868D6028F83C0900BAC699 /* EssentialFeedTests.xctest */,
				E4868D8A28FDD43B00BAC699 /* EssentialFeedAPIEndToEndTests.xctest */,
				E4BAB78829110353006E9772 /* EssentialFeediOS.framework */,
				E4BAB78F29110353006E9772 /* EssentialFeediOSTests.xctest */,
				E40DBF15292FD300002870D5 /* EssentialFeedCacheIntegrationTests.xctest */,
			);
			name = Products;
			sourceTree = "<group>";
		};
		E4868D5A28F83C0900BAC699 /* EssentialFeed */ = {
			isa = PBXGroup;
			children = (
				E4B9239C298DB7EC00AC8B90 /* Shared API Infra */,
				E4B9239B298DB7D300AC8B90 /* Shared API */,
				E4B9239A298DB2E200AC8B90 /* Image Comments Feature */,
				E414209F2908374F001F2F3F /* Feed Cache */,
				E4868D7728F8462000BAC699 /* Feed API */,
				E4868D7428F83E4300BAC699 /* Feed Feature */,
				E40613C2297F29400047F2EA /* Feed Presentation */,
			);
			path = EssentialFeed;
			sourceTree = "<group>";
		};
		E4868D6428F83C0900BAC699 /* EssentialFeedTests */ = {
			isa = PBXGroup;
			children = (
				E4868D8128FD3FE200BAC699 /* Helpers */,
				E4B9239F298DB83900AC8B90 /* Shared API Infra */,
				E4B9239D298DB80100AC8B90 /* Shared API */,
				E414209C290811DF001F2F3F /* Feed Cache */,
				E4868D7E28F949AC00BAC699 /* Feed API */,
				E43F44A8291CF48A0003D691 /* Feed Presentation */,
			);
			path = EssentialFeedTests;
			sourceTree = "<group>";
		};
		E4868D7428F83E4300BAC699 /* Feed Feature */ = {
			isa = PBXGroup;
			children = (
				E4868D7028F83C5500BAC699 /* FeedImage.swift */,
				E4868D7228F83D2200BAC699 /* FeedLoader.swift */,
				E43F44762918F69B0003D691 /* FeedImageDataLoader.swift */,
				E4449749298130390074ABCF /* FeedCache.swift */,
				E4449751298151840074ABCF /* FeedImageDataCache.swift */,
			);
			path = "Feed Feature";
			sourceTree = "<group>";
		};
		E4868D7728F8462000BAC699 /* Feed API */ = {
			isa = PBXGroup;
			children = (
				E40613E5297FFD9A0047F2EA /* Helpers */,
				E4868D7828F8463500BAC699 /* RemoteFeedLoader.swift */,
				E4868D7C28F8CD7800BAC699 /* FeedItemsMapper.swift */,
				E4B0C9762909404100C934B9 /* RemoteFeedItem.swift */,
				E40613E3297FF9D60047F2EA /* RemoteFeedImageDataLoader.swift */,
				E4B92394298DADDB00AC8B90 /* RemoteImageCommentsLoader.swift */,
				E4B92396298DAE4E00AC8B90 /* ImageCommentsMapper.swift */,
			);
			path = "Feed API";
			sourceTree = "<group>";
		};
		E4868D7E28F949AC00BAC699 /* Feed API */ = {
			isa = PBXGroup;
			children = (
				E4868D7528F83ED800BAC699 /* LoadFeedFromRemoteUseCaseTests.swift */,
				E40613DE297FE9150047F2EA /* LoadFeedImageDataFromRemoteUseCaseTests.swift */,
				E4B92392298DAD2400AC8B90 /* LoadImageCommentsFromRemoteUseCase.swift */,
			);
			path = "Feed API";
			sourceTree = "<group>";
		};
		E4868D8128FD3FE200BAC699 /* Helpers */ = {
			isa = PBXGroup;
			children = (
				E4868D8228FD3FF800BAC699 /* XCTestCase+MemoryLeakTracking.swift */,
				E40A29F1290ABC6B0030870D /* SharedTestHelpers.swift */,
			);
			path = Helpers;
			sourceTree = "<group>";
		};
		E4868D8B28FDD43B00BAC699 /* EssentialFeedAPIEndToEndTests */ = {
			isa = PBXGroup;
			children = (
				E4868D8C28FDD43B00BAC699 /* EssentialFeedAPIEndToEndTests.swift */,
			);
			path = EssentialFeedAPIEndToEndTests;
			sourceTree = "<group>";
		};
		E4B9239A298DB2E200AC8B90 /* Image Comments Feature */ = {
			isa = PBXGroup;
			children = (
				E4B92398298DB2B900AC8B90 /* ImageComment.swift */,
			);
			path = "Image Comments Feature";
			sourceTree = "<group>";
		};
		E4B9239B298DB7D300AC8B90 /* Shared API */ = {
			isa = PBXGroup;
			children = (
				E4868D7A28F8CD2C00BAC699 /* HTTPClient.swift */,
			);
			path = "Shared API";
			sourceTree = "<group>";
		};
		E4B9239C298DB7EC00AC8B90 /* Shared API Infra */ = {
			isa = PBXGroup;
			children = (
				E4868D8428FD4C5200BAC699 /* URLSessionHTTPClient.swift */,
			);
			path = "Shared API Infra";
			sourceTree = "<group>";
		};
		E4B9239D298DB80100AC8B90 /* Shared API */ = {
			isa = PBXGroup;
			children = (
				E4B9239E298DB82800AC8B90 /* Helpers */,
			);
			path = "Shared API";
			sourceTree = "<group>";
		};
		E4B9239E298DB82800AC8B90 /* Helpers */ = {
			isa = PBXGroup;
			children = (
				E40613E1297FF9550047F2EA /* HTTPClientSpy.swift */,
			);
			path = Helpers;
			sourceTree = "<group>";
		};
		E4B9239F298DB83900AC8B90 /* Shared API Infra */ = {
			isa = PBXGroup;
			children = (
				E40613E0297FF94C0047F2EA /* Helpers */,
				E4868D7F28F97F4D00BAC699 /* URLSessionHTTPClientTests.swift */,
			);
			path = "Shared API Infra";
			sourceTree = "<group>";
		};
		E4BAB78929110353006E9772 /* EssentialFeediOS */ = {
			isa = PBXGroup;
			children = (
				E43F44722918F66B0003D691 /* Feed UI */,
			);
			path = EssentialFeediOS;
			sourceTree = "<group>";
		};
		E4BAB79329110353006E9772 /* EssentialFeediOSTests */ = {
			isa = PBXGroup;
			children = (
				E4F920EC2988F01900CCEBE7 /* FeedSnapshotTests.swift */,
				E4F920F02988F3D000CCEBE7 /* Helpers */,
			);
			path = EssentialFeediOSTests;
			sourceTree = "<group>";
		};
		E4BAB79F291159B4006E9772 /* Frameworks */ = {
			isa = PBXGroup;
			children = (
			);
			name = Frameworks;
			sourceTree = "<group>";
		};
		E4F920F02988F3D000CCEBE7 /* Helpers */ = {
			isa = PBXGroup;
			children = (
				E4F920EE2988F3CB00CCEBE7 /* UIImage+TestHelpers.swift */,
				E4F920F32988FB7B00CCEBE7 /* UIViewController+Snapshot.swift */,
				E4F920F52988FBD900CCEBE7 /* XCTestCase+Snasphot.swift */,
			);
			path = Helpers;
			sourceTree = "<group>";
		};
/* End PBXGroup section */

/* Begin PBXHeadersBuildPhase section */
		E4868D5328F83C0900BAC699 /* Headers */ = {
			isa = PBXHeadersBuildPhase;
			buildActionMask = 2147483647;
			files = (
			);
			runOnlyForDeploymentPostprocessing = 0;
		};
		E4BAB78329110353006E9772 /* Headers */ = {
			isa = PBXHeadersBuildPhase;
			buildActionMask = 2147483647;
			files = (
			);
			runOnlyForDeploymentPostprocessing = 0;
		};
/* End PBXHeadersBuildPhase section */

/* Begin PBXNativeTarget section */
		E40DBF14292FD300002870D5 /* EssentialFeedCacheIntegrationTests */ = {
			isa = PBXNativeTarget;
			buildConfigurationList = E40DBF1E292FD300002870D5 /* Build configuration list for PBXNativeTarget "EssentialFeedCacheIntegrationTests" */;
			buildPhases = (
				E40DBF11292FD300002870D5 /* Sources */,
				E40DBF12292FD300002870D5 /* Frameworks */,
				E40DBF13292FD300002870D5 /* Resources */,
			);
			buildRules = (
			);
			dependencies = (
				E408BDB9297EF6650050DF8C /* PBXTargetDependency */,
			);
			name = EssentialFeedCacheIntegrationTests;
			productName = EssentialFeedCacheIntegrationTests;
			productReference = E40DBF15292FD300002870D5 /* EssentialFeedCacheIntegrationTests.xctest */;
			productType = "com.apple.product-type.bundle.unit-test";
		};
		E4868D5728F83C0900BAC699 /* EssentialFeed */ = {
			isa = PBXNativeTarget;
			buildConfigurationList = E4868D6A28F83C0900BAC699 /* Build configuration list for PBXNativeTarget "EssentialFeed" */;
			buildPhases = (
				E4868D5328F83C0900BAC699 /* Headers */,
				E4868D5428F83C0900BAC699 /* Sources */,
				E4868D5528F83C0900BAC699 /* Frameworks */,
				E4868D5628F83C0900BAC699 /* Resources */,
			);
			buildRules = (
			);
			dependencies = (
			);
			name = EssentialFeed;
			productName = EssentialFeed;
			productReference = E4868D5828F83C0900BAC699 /* EssentialFeed.framework */;
			productType = "com.apple.product-type.framework";
		};
		E4868D5F28F83C0900BAC699 /* EssentialFeedTests */ = {
			isa = PBXNativeTarget;
			buildConfigurationList = E4868D6D28F83C0900BAC699 /* Build configuration list for PBXNativeTarget "EssentialFeedTests" */;
			buildPhases = (
				E4868D5C28F83C0900BAC699 /* Sources */,
				E4868D5D28F83C0900BAC699 /* Frameworks */,
				E4868D5E28F83C0900BAC699 /* Resources */,
			);
			buildRules = (
			);
			dependencies = (
				E4868D6328F83C0900BAC699 /* PBXTargetDependency */,
			);
			name = EssentialFeedTests;
			productName = EssentialFeedTests;
			productReference = E4868D6028F83C0900BAC699 /* EssentialFeedTests.xctest */;
			productType = "com.apple.product-type.bundle.unit-test";
		};
		E4868D8928FDD43B00BAC699 /* EssentialFeedAPIEndToEndTests */ = {
			isa = PBXNativeTarget;
			buildConfigurationList = E4868D9128FDD43B00BAC699 /* Build configuration list for PBXNativeTarget "EssentialFeedAPIEndToEndTests" */;
			buildPhases = (
				E4868D8628FDD43B00BAC699 /* Sources */,
				E4868D8728FDD43B00BAC699 /* Frameworks */,
				E4868D8828FDD43B00BAC699 /* Resources */,
			);
			buildRules = (
			);
			dependencies = (
				E4868D9028FDD43B00BAC699 /* PBXTargetDependency */,
			);
			name = EssentialFeedAPIEndToEndTests;
			productName = EssentialFeedAPIEndToEndTests;
			productReference = E4868D8A28FDD43B00BAC699 /* EssentialFeedAPIEndToEndTests.xctest */;
			productType = "com.apple.product-type.bundle.unit-test";
		};
		E4BAB78729110353006E9772 /* EssentialFeediOS */ = {
			isa = PBXNativeTarget;
			buildConfigurationList = E4BAB79729110353006E9772 /* Build configuration list for PBXNativeTarget "EssentialFeediOS" */;
			buildPhases = (
				E4BAB78329110353006E9772 /* Headers */,
				E4BAB78429110353006E9772 /* Sources */,
				E4BAB78529110353006E9772 /* Frameworks */,
				E4BAB78629110353006E9772 /* Resources */,
				E445630D292FE351008881F2 /* Embed Frameworks */,
			);
			buildRules = (
			);
			dependencies = (
				E445630C292FE351008881F2 /* PBXTargetDependency */,
			);
			name = EssentialFeediOS;
			productName = EssentialFeediOS;
			productReference = E4BAB78829110353006E9772 /* EssentialFeediOS.framework */;
			productType = "com.apple.product-type.framework";
		};
		E4BAB78E29110353006E9772 /* EssentialFeediOSTests */ = {
			isa = PBXNativeTarget;
			buildConfigurationList = E4BAB79A29110353006E9772 /* Build configuration list for PBXNativeTarget "EssentialFeediOSTests" */;
			buildPhases = (
				E4BAB78B29110353006E9772 /* Sources */,
				E4BAB78C29110353006E9772 /* Frameworks */,
				E4BAB78D29110353006E9772 /* Resources */,
			);
			buildRules = (
			);
			dependencies = (
				E4BAB79229110353006E9772 /* PBXTargetDependency */,
			);
			name = EssentialFeediOSTests;
			productName = EssentialFeediOSTests;
			productReference = E4BAB78F29110353006E9772 /* EssentialFeediOSTests.xctest */;
			productType = "com.apple.product-type.bundle.unit-test";
		};
/* End PBXNativeTarget section */

/* Begin PBXProject section */
		E4868D4F28F83C0900BAC699 /* Project object */ = {
			isa = PBXProject;
			attributes = {
				BuildIndependentTargetsInParallel = 1;
				LastSwiftUpdateCheck = 1410;
				LastUpgradeCheck = 1410;
				TargetAttributes = {
					E40DBF14292FD300002870D5 = {
						CreatedOnToolsVersion = 14.1;
					};
					E4868D5728F83C0900BAC699 = {
						CreatedOnToolsVersion = 14.0.1;
						LastSwiftMigration = 1400;
					};
					E4868D5F28F83C0900BAC699 = {
						CreatedOnToolsVersion = 14.0.1;
						LastSwiftMigration = 1400;
					};
					E4868D8928FDD43B00BAC699 = {
						CreatedOnToolsVersion = 14.0.1;
					};
					E4BAB78729110353006E9772 = {
						CreatedOnToolsVersion = 14.0.1;
						LastSwiftMigration = 1400;
					};
					E4BAB78E29110353006E9772 = {
						CreatedOnToolsVersion = 14.0.1;
						LastSwiftMigration = 1400;
					};
				};
			};
			buildConfigurationList = E4868D5228F83C0900BAC699 /* Build configuration list for PBXProject "EssentialFeed" */;
			compatibilityVersion = "Xcode 14.0";
			developmentRegion = en;
			hasScannedForEncodings = 0;
			knownRegions = (
				en,
				Base,
				"pt-BR",
				el,
			);
			mainGroup = E4868D4E28F83C0900BAC699;
			productRefGroup = E4868D5928F83C0900BAC699 /* Products */;
			projectDirPath = "";
			projectRoot = "";
			targets = (
				E4868D5728F83C0900BAC699 /* EssentialFeed */,
				E4868D5F28F83C0900BAC699 /* EssentialFeedTests */,
				E4868D8928FDD43B00BAC699 /* EssentialFeedAPIEndToEndTests */,
				E40DBF14292FD300002870D5 /* EssentialFeedCacheIntegrationTests */,
				E4BAB78729110353006E9772 /* EssentialFeediOS */,
				E4BAB78E29110353006E9772 /* EssentialFeediOSTests */,
			);
		};
/* End PBXProject section */

/* Begin PBXResourcesBuildPhase section */
		E40DBF13292FD300002870D5 /* Resources */ = {
			isa = PBXResourcesBuildPhase;
			buildActionMask = 2147483647;
			files = (
			);
			runOnlyForDeploymentPostprocessing = 0;
		};
		E4868D5628F83C0900BAC699 /* Resources */ = {
			isa = PBXResourcesBuildPhase;
			buildActionMask = 2147483647;
			files = (
				E40613C7297F29D70047F2EA /* Feed.strings in Resources */,
			);
			runOnlyForDeploymentPostprocessing = 0;
		};
		E4868D5E28F83C0900BAC699 /* Resources */ = {
			isa = PBXResourcesBuildPhase;
			buildActionMask = 2147483647;
			files = (
			);
			runOnlyForDeploymentPostprocessing = 0;
		};
		E4868D8828FDD43B00BAC699 /* Resources */ = {
			isa = PBXResourcesBuildPhase;
			buildActionMask = 2147483647;
			files = (
			);
			runOnlyForDeploymentPostprocessing = 0;
		};
		E4BAB78629110353006E9772 /* Resources */ = {
			isa = PBXResourcesBuildPhase;
			buildActionMask = 2147483647;
			files = (
				E43F448B291B9FC10003D691 /* Feed.storyboard in Resources */,
			);
			runOnlyForDeploymentPostprocessing = 0;
		};
		E4BAB78D29110353006E9772 /* Resources */ = {
			isa = PBXResourcesBuildPhase;
			buildActionMask = 2147483647;
			files = (
			);
			runOnlyForDeploymentPostprocessing = 0;
		};
/* End PBXResourcesBuildPhase section */

/* Begin PBXSourcesBuildPhase section */
		E40DBF11292FD300002870D5 /* Sources */ = {
			isa = PBXSourcesBuildPhase;
			buildActionMask = 2147483647;
			files = (
				E40DBF21292FD693002870D5 /* SharedTestHelpers.swift in Sources */,
				E40DBF18292FD300002870D5 /* EssentialFeedCacheIntegrationTests.swift in Sources */,
				E40DBF20292FD66F002870D5 /* FeedCacheTestHelpers.swift in Sources */,
				E40DBF1F292FD527002870D5 /* XCTestCase+MemoryLeakTracking.swift in Sources */,
			);
			runOnlyForDeploymentPostprocessing = 0;
		};
		E4868D5428F83C0900BAC699 /* Sources */ = {
			isa = PBXSourcesBuildPhase;
			buildActionMask = 2147483647;
			files = (
				E40DBF0A292FB6A5002870D5 /* CoreDataHelpers.swift in Sources */,
				E4868D7D28F8CD7800BAC699 /* FeedItemsMapper.swift in Sources */,
				E4868D7328F83D2200BAC699 /* FeedLoader.swift in Sources */,
				E4B0C9772909404100C934B9 /* RemoteFeedItem.swift in Sources */,
				E40613DC297F373B0047F2EA /* FeedImageViewModel.swift in Sources */,
				E40A29F4290AC6AE0030870D /* FeedCachePolicy.swift in Sources */,
				E4B92395298DADDB00AC8B90 /* RemoteImageCommentsLoader.swift in Sources */,
				E40613E4297FF9D60047F2EA /* RemoteFeedImageDataLoader.swift in Sources */,
				E40DBF0C292FB6F3002870D5 /* ManagedFeedImage.swift in Sources */,
				E4B92399298DB2B900AC8B90 /* ImageComment.swift in Sources */,
				E4868D7928F8463500BAC699 /* RemoteFeedLoader.swift in Sources */,
				E40DBF04292F9A45002870D5 /* FeedStore.xcdatamodeld in Sources */,
				E40613F929803F280047F2EA /* CoreDataFeedStore+FeedStore.swift in Sources */,
				E4B0C9792909406100C934B9 /* LocalFeedImage.swift in Sources */,
				E40613CF297F2AA60047F2EA /* FeedErrorViewModel.swift in Sources */,
				E40613D3297F2ACE0047F2EA /* FeedViewModel.swift in Sources */,
				E40DBF0E292FB70A002870D5 /* ManagedCache.swift in Sources */,
				E4B92397298DAE4E00AC8B90 /* ImageCommentsMapper.swift in Sources */,
				E41420A3290837CF001F2F3F /* FeedStore.swift in Sources */,
				E40613ED2980342B0047F2EA /* FeedImageDataStore.swift in Sources */,
				E4449752298151840074ABCF /* FeedImageDataCache.swift in Sources */,
				E41420A12908375B001F2F3F /* LocalFeedLoader.swift in Sources */,
				E40613C4297F295F0047F2EA /* FeedPresenter.swift in Sources */,
				E40613E7297FFDAA0047F2EA /* HTTPURLResponse+StatusCode.swift in Sources */,
				E4868D7B28F8CD2C00BAC699 /* HTTPClient.swift in Sources */,
				E4868D7128F83C5500BAC699 /* FeedImage.swift in Sources */,
				E4868D8528FD4C5200BAC699 /* URLSessionHTTPClient.swift in Sources */,
				E40613DD297FE8B70047F2EA /* FeedImageDataLoader.swift in Sources */,
				E40613D1297F2AC00047F2EA /* FeedLoadingViewModel.swift in Sources */,
				E40613EF2980343F0047F2EA /* LocalFeedImageDataLoader.swift in Sources */,
				E40613F729803C950047F2EA /* CoreDataFeedStore+FeedImageDataLoader.swift in Sources */,
				E40613DA297F36A20047F2EA /* FeedImagePresenter.swift in Sources */,
				E444974A298130390074ABCF /* FeedCache.swift in Sources */,
				E40DBEFD292EBEF5002870D5 /* CoreDataFeedStore.swift in Sources */,
			);
			runOnlyForDeploymentPostprocessing = 0;
		};
		E4868D5C28F83C0900BAC699 /* Sources */ = {
			isa = PBXSourcesBuildPhase;
			buildActionMask = 2147483647;
			files = (
				E40A29FE29104E2E0030870D /* XCTestCase+FailableDeleteFeedStoreSpecs.swift in Sources */,
				E40613E9297FFE0B0047F2EA /* URLProtocolStub.swift in Sources */,
				E43F44AA291CF4A00003D691 /* FeedPresenterTests.swift in Sources */,
				E4B92393298DAD2400AC8B90 /* LoadImageCommentsFromRemoteUseCase.swift in Sources */,
				E40DBEFB292EBDDB002870D5 /* CoreDataFeedStoreTests.swift in Sources */,
				E40613DF297FE9150047F2EA /* LoadFeedImageDataFromRemoteUseCaseTests.swift in Sources */,
				E40A29EE290AAA1E0030870D /* ValidateFeedCacheUseCaseTests.swift in Sources */,
				E40613D8297F312D0047F2EA /* FeedImagePresenterTests.swift in Sources */,
				E4868D7628F83ED800BAC699 /* LoadFeedFromRemoteUseCaseTests.swift in Sources */,
				E40613F3298038C40047F2EA /* CacheFeedImageDataUseCaseTests.swift in Sources */,
				E40613D6297F2C220047F2EA /* FeedLocalizationTests.swift in Sources */,
				E40A2A0029104E660030870D /* XCTestCase+FailableInsertFeedStoreSpecs.swift in Sources */,
				E40613EB298000E00047F2EA /* LoadFeedImageDataFromCacheUseCaseTests.swift in Sources */,
				E40613E2297FF9550047F2EA /* HTTPClientSpy.swift in Sources */,
				E4868D8028F97F4D00BAC699 /* URLSessionHTTPClientTests.swift in Sources */,
				E453F50E290947C2004FF1EA /* FeedStoreSpy.swift in Sources */,
				E40A2A0329104ED40030870D /* XCTestCase+FailableRetrieveFeedStoreSpecs.swift in Sources */,
				E40613F1298037860047F2EA /* FeedImageDataStoreSpy.swift in Sources */,
				E40613F529803AC50047F2EA /* CoreDataFeedImageDataStoreTests.swift in Sources */,
				E40A29F0290ABBAA0030870D /* FeedCacheTestHelpers.swift in Sources */,
				E40A29F2290ABC6B0030870D /* SharedTestHelpers.swift in Sources */,
				E414209E290811F2001F2F3F /* CacheFeedUseCaseTests.swift in Sources */,
				E40A29EC2909C5F30030870D /* LoadFeedFromCacheUseCaseTests.swift in Sources */,
				E40A29FA2910493A0030870D /* FeedStoreSpecs.swift in Sources */,
				E4868D8328FD3FF800BAC699 /* XCTestCase+MemoryLeakTracking.swift in Sources */,
				E40A29FC291049E30030870D /* XCTestCase+FeedStoreSpecs.swift in Sources */,
			);
			runOnlyForDeploymentPostprocessing = 0;
		};
		E4868D8628FDD43B00BAC699 /* Sources */ = {
			isa = PBXSourcesBuildPhase;
			buildActionMask = 2147483647;
			files = (
				E4868D8D28FDD43B00BAC699 /* EssentialFeedAPIEndToEndTests.swift in Sources */,
				E4868D9428FDD79B00BAC699 /* XCTestCase+MemoryLeakTracking.swift in Sources */,
			);
			runOnlyForDeploymentPostprocessing = 0;
		};
		E4BAB78429110353006E9772 /* Sources */ = {
			isa = PBXSourcesBuildPhase;
			buildActionMask = 2147483647;
			files = (
				E40613AF297F18160047F2EA /* ErrorView.swift in Sources */,
				E493B39E2917C7DE00A73DF4 /* UIView+Shimmering.swift in Sources */,
				E4F920F22988F48300CCEBE7 /* UITableView+HeaderSizing.swift in Sources */,
				E43F448D291BAB100003D691 /* UITableView+Dequeueing.swift in Sources */,
				E4BAB7A9291170B0006E9772 /* FeedViewController.swift in Sources */,
				E4BAB7AB2911A0A4006E9772 /* FeedImageCell.swift in Sources */,
				E43F447D291995B70003D691 /* FeedImageCellController.swift in Sources */,
				E43F448F291BAC0B0003D691 /* UIImageView+Animations.swift in Sources */,
			);
			runOnlyForDeploymentPostprocessing = 0;
		};
		E4BAB78B29110353006E9772 /* Sources */ = {
			isa = PBXSourcesBuildPhase;
			buildActionMask = 2147483647;
			files = (
				E4BAB7A729116828006E9772 /* XCTestCase+MemoryLeakTracking.swift in Sources */,
				E4F920ED2988F01900CCEBE7 /* FeedSnapshotTests.swift in Sources */,
				E4F920F62988FBD900CCEBE7 /* XCTestCase+Snasphot.swift in Sources */,
				E4F920F42988FB7B00CCEBE7 /* UIViewController+Snapshot.swift in Sources */,
				E4F920EF2988F3CB00CCEBE7 /* UIImage+TestHelpers.swift in Sources */,
			);
			runOnlyForDeploymentPostprocessing = 0;
		};
/* End PBXSourcesBuildPhase section */

/* Begin PBXTargetDependency section */
		E408BDB9297EF6650050DF8C /* PBXTargetDependency */ = {
			isa = PBXTargetDependency;
			target = E4868D5728F83C0900BAC699 /* EssentialFeed */;
			targetProxy = E408BDB8297EF6650050DF8C /* PBXContainerItemProxy */;
		};
		E445630C292FE351008881F2 /* PBXTargetDependency */ = {
			isa = PBXTargetDependency;
			platformFilter = ios;
			target = E4868D5728F83C0900BAC699 /* EssentialFeed */;
			targetProxy = E445630B292FE351008881F2 /* PBXContainerItemProxy */;
		};
		E4868D6328F83C0900BAC699 /* PBXTargetDependency */ = {
			isa = PBXTargetDependency;
			target = E4868D5728F83C0900BAC699 /* EssentialFeed */;
			targetProxy = E4868D6228F83C0900BAC699 /* PBXContainerItemProxy */;
		};
		E4868D9028FDD43B00BAC699 /* PBXTargetDependency */ = {
			isa = PBXTargetDependency;
			target = E4868D5728F83C0900BAC699 /* EssentialFeed */;
			targetProxy = E4868D8F28FDD43B00BAC699 /* PBXContainerItemProxy */;
		};
		E4BAB79229110353006E9772 /* PBXTargetDependency */ = {
			isa = PBXTargetDependency;
			target = E4BAB78729110353006E9772 /* EssentialFeediOS */;
			targetProxy = E4BAB79129110353006E9772 /* PBXContainerItemProxy */;
		};
/* End PBXTargetDependency section */

/* Begin PBXVariantGroup section */
		E40613C9297F29D70047F2EA /* Feed.strings */ = {
			isa = PBXVariantGroup;
			children = (
				E40613C8297F29D70047F2EA /* en */,
				E40613CA297F2A530047F2EA /* pt-BR */,
				E40613CC297F2A5B0047F2EA /* el */,
			);
			name = Feed.strings;
			sourceTree = "<group>";
		};
/* End PBXVariantGroup section */

/* Begin XCBuildConfiguration section */
		E40DBF1C292FD300002870D5 /* Debug */ = {
			isa = XCBuildConfiguration;
			buildSettings = {
				CODE_SIGN_STYLE = Automatic;
				CURRENT_PROJECT_VERSION = 1;
				DEVELOPMENT_TEAM = WHP9Z6BC8S;
				GENERATE_INFOPLIST_FILE = YES;
				MACOSX_DEPLOYMENT_TARGET = 12.3;
				MARKETING_VERSION = 1.0;
				PRODUCT_BUNDLE_IDENTIFIER = zeljkolucic.EssentialFeedCacheIntegrationTests;
				PRODUCT_NAME = "$(TARGET_NAME)";
				SUPPORTED_PLATFORMS = "macosx iphoneos iphonesimulator";
				SWIFT_EMIT_LOC_STRINGS = NO;
				SWIFT_VERSION = 5.0;
			};
			name = Debug;
		};
		E40DBF1D292FD300002870D5 /* Release */ = {
			isa = XCBuildConfiguration;
			buildSettings = {
				CODE_SIGN_STYLE = Automatic;
				CURRENT_PROJECT_VERSION = 1;
				DEVELOPMENT_TEAM = WHP9Z6BC8S;
				GENERATE_INFOPLIST_FILE = YES;
				MACOSX_DEPLOYMENT_TARGET = 12.3;
				MARKETING_VERSION = 1.0;
				ONLY_ACTIVE_ARCH = YES;
				PRODUCT_BUNDLE_IDENTIFIER = zeljkolucic.EssentialFeedCacheIntegrationTests;
				PRODUCT_NAME = "$(TARGET_NAME)";
				SUPPORTED_PLATFORMS = "macosx iphoneos iphonesimulator";
				SWIFT_EMIT_LOC_STRINGS = NO;
				SWIFT_VERSION = 5.0;
			};
			name = Release;
		};
		E4868D6828F83C0900BAC699 /* Debug */ = {
			isa = XCBuildConfiguration;
			buildSettings = {
				ALWAYS_EMBED_SWIFT_STANDARD_LIBRARIES = YES;
				ALWAYS_SEARCH_USER_PATHS = NO;
				CLANG_ANALYZER_LOCALIZABILITY_NONLOCALIZED = YES;
				CLANG_ANALYZER_NONNULL = YES;
				CLANG_ANALYZER_NUMBER_OBJECT_CONVERSION = YES_AGGRESSIVE;
				CLANG_CXX_LANGUAGE_STANDARD = "gnu++20";
				CLANG_ENABLE_MODULES = YES;
				CLANG_ENABLE_OBJC_ARC = YES;
				CLANG_ENABLE_OBJC_WEAK = YES;
				CLANG_WARN_BLOCK_CAPTURE_AUTORELEASING = YES;
				CLANG_WARN_BOOL_CONVERSION = YES;
				CLANG_WARN_COMMA = YES;
				CLANG_WARN_CONSTANT_CONVERSION = YES;
				CLANG_WARN_DEPRECATED_OBJC_IMPLEMENTATIONS = YES;
				CLANG_WARN_DIRECT_OBJC_ISA_USAGE = YES_ERROR;
				CLANG_WARN_DOCUMENTATION_COMMENTS = YES;
				CLANG_WARN_EMPTY_BODY = YES;
				CLANG_WARN_ENUM_CONVERSION = YES;
				CLANG_WARN_INFINITE_RECURSION = YES;
				CLANG_WARN_INT_CONVERSION = YES;
				CLANG_WARN_NON_LITERAL_NULL_CONVERSION = YES;
				CLANG_WARN_OBJC_IMPLICIT_RETAIN_SELF = YES;
				CLANG_WARN_OBJC_LITERAL_CONVERSION = YES;
				CLANG_WARN_OBJC_ROOT_CLASS = YES_ERROR;
				CLANG_WARN_QUOTED_INCLUDE_IN_FRAMEWORK_HEADER = YES;
				CLANG_WARN_RANGE_LOOP_ANALYSIS = YES;
				CLANG_WARN_STRICT_PROTOTYPES = YES;
				CLANG_WARN_SUSPICIOUS_MOVE = YES;
				CLANG_WARN_UNGUARDED_AVAILABILITY = YES_AGGRESSIVE;
				CLANG_WARN_UNREACHABLE_CODE = YES;
				CLANG_WARN__DUPLICATE_METHOD_MATCH = YES;
				COPY_PHASE_STRIP = NO;
				CURRENT_PROJECT_VERSION = 1;
				DEAD_CODE_STRIPPING = YES;
				DEBUG_INFORMATION_FORMAT = dwarf;
				ENABLE_STRICT_OBJC_MSGSEND = YES;
				ENABLE_TESTABILITY = YES;
				GCC_C_LANGUAGE_STANDARD = gnu11;
				GCC_DYNAMIC_NO_PIC = NO;
				GCC_NO_COMMON_BLOCKS = YES;
				GCC_OPTIMIZATION_LEVEL = 0;
				GCC_PREPROCESSOR_DEFINITIONS = (
					"DEBUG=1",
					"$(inherited)",
				);
				GCC_WARN_64_TO_32_BIT_CONVERSION = YES;
				GCC_WARN_ABOUT_RETURN_TYPE = YES_ERROR;
				GCC_WARN_UNDECLARED_SELECTOR = YES;
				GCC_WARN_UNINITIALIZED_AUTOS = YES_AGGRESSIVE;
				GCC_WARN_UNUSED_FUNCTION = YES;
				GCC_WARN_UNUSED_VARIABLE = YES;
				IPHONEOS_DEPLOYMENT_TARGET = 16.2;
				MACOSX_DEPLOYMENT_TARGET = 12.3;
				MTL_ENABLE_DEBUG_INFO = INCLUDE_SOURCE;
				MTL_FAST_MATH = YES;
				ONLY_ACTIVE_ARCH = YES;
				SDKROOT = macosx;
				SWIFT_ACTIVE_COMPILATION_CONDITIONS = DEBUG;
				SWIFT_OPTIMIZATION_LEVEL = "-Onone";
				VERSIONING_SYSTEM = "apple-generic";
				VERSION_INFO_PREFIX = "";
			};
			name = Debug;
		};
		E4868D6928F83C0900BAC699 /* Release */ = {
			isa = XCBuildConfiguration;
			buildSettings = {
				ALWAYS_EMBED_SWIFT_STANDARD_LIBRARIES = YES;
				ALWAYS_SEARCH_USER_PATHS = NO;
				CLANG_ANALYZER_LOCALIZABILITY_NONLOCALIZED = YES;
				CLANG_ANALYZER_NONNULL = YES;
				CLANG_ANALYZER_NUMBER_OBJECT_CONVERSION = YES_AGGRESSIVE;
				CLANG_CXX_LANGUAGE_STANDARD = "gnu++20";
				CLANG_ENABLE_MODULES = YES;
				CLANG_ENABLE_OBJC_ARC = YES;
				CLANG_ENABLE_OBJC_WEAK = YES;
				CLANG_WARN_BLOCK_CAPTURE_AUTORELEASING = YES;
				CLANG_WARN_BOOL_CONVERSION = YES;
				CLANG_WARN_COMMA = YES;
				CLANG_WARN_CONSTANT_CONVERSION = YES;
				CLANG_WARN_DEPRECATED_OBJC_IMPLEMENTATIONS = YES;
				CLANG_WARN_DIRECT_OBJC_ISA_USAGE = YES_ERROR;
				CLANG_WARN_DOCUMENTATION_COMMENTS = YES;
				CLANG_WARN_EMPTY_BODY = YES;
				CLANG_WARN_ENUM_CONVERSION = YES;
				CLANG_WARN_INFINITE_RECURSION = YES;
				CLANG_WARN_INT_CONVERSION = YES;
				CLANG_WARN_NON_LITERAL_NULL_CONVERSION = YES;
				CLANG_WARN_OBJC_IMPLICIT_RETAIN_SELF = YES;
				CLANG_WARN_OBJC_LITERAL_CONVERSION = YES;
				CLANG_WARN_OBJC_ROOT_CLASS = YES_ERROR;
				CLANG_WARN_QUOTED_INCLUDE_IN_FRAMEWORK_HEADER = YES;
				CLANG_WARN_RANGE_LOOP_ANALYSIS = YES;
				CLANG_WARN_STRICT_PROTOTYPES = YES;
				CLANG_WARN_SUSPICIOUS_MOVE = YES;
				CLANG_WARN_UNGUARDED_AVAILABILITY = YES_AGGRESSIVE;
				CLANG_WARN_UNREACHABLE_CODE = YES;
				CLANG_WARN__DUPLICATE_METHOD_MATCH = YES;
				COPY_PHASE_STRIP = NO;
				CURRENT_PROJECT_VERSION = 1;
				DEAD_CODE_STRIPPING = YES;
				DEBUG_INFORMATION_FORMAT = "dwarf-with-dsym";
				ENABLE_NS_ASSERTIONS = NO;
				ENABLE_STRICT_OBJC_MSGSEND = YES;
				GCC_C_LANGUAGE_STANDARD = gnu11;
				GCC_NO_COMMON_BLOCKS = YES;
				GCC_WARN_64_TO_32_BIT_CONVERSION = YES;
				GCC_WARN_ABOUT_RETURN_TYPE = YES_ERROR;
				GCC_WARN_UNDECLARED_SELECTOR = YES;
				GCC_WARN_UNINITIALIZED_AUTOS = YES_AGGRESSIVE;
				GCC_WARN_UNUSED_FUNCTION = YES;
				GCC_WARN_UNUSED_VARIABLE = YES;
				IPHONEOS_DEPLOYMENT_TARGET = 16.2;
				MACOSX_DEPLOYMENT_TARGET = 12.3;
				MTL_ENABLE_DEBUG_INFO = NO;
				MTL_FAST_MATH = YES;
				SDKROOT = macosx;
				SWIFT_COMPILATION_MODE = wholemodule;
				SWIFT_OPTIMIZATION_LEVEL = "-O";
				VERSIONING_SYSTEM = "apple-generic";
				VERSION_INFO_PREFIX = "";
			};
			name = Release;
		};
		E4868D6B28F83C0900BAC699 /* Debug */ = {
			isa = XCBuildConfiguration;
			buildSettings = {
				CLANG_ENABLE_MODULES = YES;
				CODE_SIGN_STYLE = Automatic;
				COMBINE_HIDPI_IMAGES = YES;
				CURRENT_PROJECT_VERSION = 1;
				DEAD_CODE_STRIPPING = YES;
				DEFINES_MODULE = YES;
				DEVELOPMENT_TEAM = WHP9Z6BC8S;
				DYLIB_COMPATIBILITY_VERSION = 1;
				DYLIB_CURRENT_VERSION = 1;
				DYLIB_INSTALL_NAME_BASE = "@rpath";
				GENERATE_INFOPLIST_FILE = YES;
				INFOPLIST_KEY_NSHumanReadableCopyright = "";
				INSTALL_PATH = "$(LOCAL_LIBRARY_DIR)/Frameworks";
				IPHONEOS_DEPLOYMENT_TARGET = 16.2;
				LD_RUNPATH_SEARCH_PATHS = (
					"$(inherited)",
					"@executable_path/../Frameworks",
					"@loader_path/Frameworks",
				);
				MARKETING_VERSION = 1.0;
				PRODUCT_BUNDLE_IDENTIFIER = zeljkolucic.EssentialFeed;
				PRODUCT_NAME = "$(TARGET_NAME:c99extidentifier)";
				SKIP_INSTALL = YES;
				SUPPORTED_PLATFORMS = "macosx iphonesimulator iphoneos";
				SWIFT_EMIT_LOC_STRINGS = YES;
				SWIFT_OPTIMIZATION_LEVEL = "-Onone";
				SWIFT_VERSION = 5.0;
			};
			name = Debug;
		};
		E4868D6C28F83C0900BAC699 /* Release */ = {
			isa = XCBuildConfiguration;
			buildSettings = {
				CLANG_ENABLE_MODULES = YES;
				CODE_SIGN_STYLE = Automatic;
				COMBINE_HIDPI_IMAGES = YES;
				CURRENT_PROJECT_VERSION = 1;
				DEAD_CODE_STRIPPING = YES;
				DEFINES_MODULE = YES;
				DEVELOPMENT_TEAM = WHP9Z6BC8S;
				DYLIB_COMPATIBILITY_VERSION = 1;
				DYLIB_CURRENT_VERSION = 1;
				DYLIB_INSTALL_NAME_BASE = "@rpath";
				GENERATE_INFOPLIST_FILE = YES;
				INFOPLIST_KEY_NSHumanReadableCopyright = "";
				INSTALL_PATH = "$(LOCAL_LIBRARY_DIR)/Frameworks";
				IPHONEOS_DEPLOYMENT_TARGET = 16.2;
				LD_RUNPATH_SEARCH_PATHS = (
					"$(inherited)",
					"@executable_path/../Frameworks",
					"@loader_path/Frameworks",
				);
				MARKETING_VERSION = 1.0;
				ONLY_ACTIVE_ARCH = YES;
				PRODUCT_BUNDLE_IDENTIFIER = zeljkolucic.EssentialFeed;
				PRODUCT_NAME = "$(TARGET_NAME:c99extidentifier)";
				SKIP_INSTALL = YES;
				SUPPORTED_PLATFORMS = "macosx iphonesimulator iphoneos";
				SWIFT_EMIT_LOC_STRINGS = YES;
				SWIFT_VERSION = 5.0;
			};
			name = Release;
		};
		E4868D6E28F83C0900BAC699 /* Debug */ = {
			isa = XCBuildConfiguration;
			buildSettings = {
				ALWAYS_EMBED_SWIFT_STANDARD_LIBRARIES = YES;
				CLANG_ENABLE_MODULES = YES;
				CODE_SIGN_STYLE = Automatic;
				CURRENT_PROJECT_VERSION = 1;
				DEAD_CODE_STRIPPING = YES;
				DEVELOPMENT_TEAM = WHP9Z6BC8S;
				GENERATE_INFOPLIST_FILE = YES;
				LD_RUNPATH_SEARCH_PATHS = (
					"$(inherited)",
					"@executable_path/../Frameworks",
					"@loader_path/../Frameworks",
				);
				MARKETING_VERSION = 1.0;
				PRODUCT_BUNDLE_IDENTIFIER = zeljkolucic.EssentialFeedTests;
				PRODUCT_NAME = "$(TARGET_NAME)";
				SUPPORTED_PLATFORMS = "macosx iphonesimulator iphoneos";
				SWIFT_EMIT_LOC_STRINGS = NO;
				SWIFT_OPTIMIZATION_LEVEL = "-Onone";
				SWIFT_VERSION = 5.0;
			};
			name = Debug;
		};
		E4868D6F28F83C0900BAC699 /* Release */ = {
			isa = XCBuildConfiguration;
			buildSettings = {
				ALWAYS_EMBED_SWIFT_STANDARD_LIBRARIES = YES;
				CLANG_ENABLE_MODULES = YES;
				CODE_SIGN_STYLE = Automatic;
				CURRENT_PROJECT_VERSION = 1;
				DEAD_CODE_STRIPPING = YES;
				DEVELOPMENT_TEAM = WHP9Z6BC8S;
				GENERATE_INFOPLIST_FILE = YES;
				LD_RUNPATH_SEARCH_PATHS = (
					"$(inherited)",
					"@executable_path/../Frameworks",
					"@loader_path/../Frameworks",
				);
				MARKETING_VERSION = 1.0;
				ONLY_ACTIVE_ARCH = YES;
				PRODUCT_BUNDLE_IDENTIFIER = zeljkolucic.EssentialFeedTests;
				PRODUCT_NAME = "$(TARGET_NAME)";
				SUPPORTED_PLATFORMS = "macosx iphonesimulator iphoneos";
				SWIFT_EMIT_LOC_STRINGS = NO;
				SWIFT_VERSION = 5.0;
			};
			name = Release;
		};
		E4868D9228FDD43B00BAC699 /* Debug */ = {
			isa = XCBuildConfiguration;
			buildSettings = {
				CODE_SIGN_STYLE = Automatic;
				CURRENT_PROJECT_VERSION = 1;
				DEAD_CODE_STRIPPING = YES;
				DEVELOPMENT_TEAM = WHP9Z6BC8S;
				GENERATE_INFOPLIST_FILE = YES;
				MARKETING_VERSION = 1.0;
				PRODUCT_BUNDLE_IDENTIFIER = zeljkolucic.EssentialFeedAPIEndToEndTests;
				PRODUCT_NAME = "$(TARGET_NAME)";
				SUPPORTED_PLATFORMS = "macosx iphoneos iphonesimulator";
				SWIFT_EMIT_LOC_STRINGS = NO;
				SWIFT_VERSION = 5.0;
			};
			name = Debug;
		};
		E4868D9328FDD43B00BAC699 /* Release */ = {
			isa = XCBuildConfiguration;
			buildSettings = {
				CODE_SIGN_STYLE = Automatic;
				CURRENT_PROJECT_VERSION = 1;
				DEAD_CODE_STRIPPING = YES;
				DEVELOPMENT_TEAM = WHP9Z6BC8S;
				GENERATE_INFOPLIST_FILE = YES;
				MARKETING_VERSION = 1.0;
				ONLY_ACTIVE_ARCH = YES;
				PRODUCT_BUNDLE_IDENTIFIER = zeljkolucic.EssentialFeedAPIEndToEndTests;
				PRODUCT_NAME = "$(TARGET_NAME)";
				SUPPORTED_PLATFORMS = "macosx iphoneos iphonesimulator";
				SWIFT_EMIT_LOC_STRINGS = NO;
				SWIFT_VERSION = 5.0;
			};
			name = Release;
		};
		E4BAB79829110353006E9772 /* Debug */ = {
			isa = XCBuildConfiguration;
			buildSettings = {
				CLANG_ENABLE_MODULES = YES;
				CODE_SIGN_STYLE = Automatic;
				CURRENT_PROJECT_VERSION = 1;
				DEFINES_MODULE = YES;
				DEVELOPMENT_TEAM = WHP9Z6BC8S;
				DYLIB_COMPATIBILITY_VERSION = 1;
				DYLIB_CURRENT_VERSION = 1;
				DYLIB_INSTALL_NAME_BASE = "@rpath";
				GENERATE_INFOPLIST_FILE = YES;
				INFOPLIST_KEY_NSHumanReadableCopyright = "";
				INSTALL_PATH = "$(LOCAL_LIBRARY_DIR)/Frameworks";
				IPHONEOS_DEPLOYMENT_TARGET = 16.2;
				LD_RUNPATH_SEARCH_PATHS = (
					"$(inherited)",
					"@executable_path/Frameworks",
					"@loader_path/Frameworks",
				);
				MARKETING_VERSION = 1.0;
				PRODUCT_BUNDLE_IDENTIFIER = zeljkolucic.EssentialFeediOS;
				PRODUCT_NAME = "$(TARGET_NAME:c99extidentifier)";
				SDKROOT = iphoneos;
				SKIP_INSTALL = YES;
				SWIFT_EMIT_LOC_STRINGS = YES;
				SWIFT_OPTIMIZATION_LEVEL = "-Onone";
				SWIFT_VERSION = 5.0;
				TARGETED_DEVICE_FAMILY = "1,2";
			};
			name = Debug;
		};
		E4BAB79929110353006E9772 /* Release */ = {
			isa = XCBuildConfiguration;
			buildSettings = {
				CLANG_ENABLE_MODULES = YES;
				CODE_SIGN_STYLE = Automatic;
				CURRENT_PROJECT_VERSION = 1;
				DEFINES_MODULE = YES;
				DEVELOPMENT_TEAM = WHP9Z6BC8S;
				DYLIB_COMPATIBILITY_VERSION = 1;
				DYLIB_CURRENT_VERSION = 1;
				DYLIB_INSTALL_NAME_BASE = "@rpath";
				GENERATE_INFOPLIST_FILE = YES;
				INFOPLIST_KEY_NSHumanReadableCopyright = "";
				INSTALL_PATH = "$(LOCAL_LIBRARY_DIR)/Frameworks";
				IPHONEOS_DEPLOYMENT_TARGET = 16.2;
				LD_RUNPATH_SEARCH_PATHS = (
					"$(inherited)",
					"@executable_path/Frameworks",
					"@loader_path/Frameworks",
				);
				MARKETING_VERSION = 1.0;
				ONLY_ACTIVE_ARCH = YES;
				PRODUCT_BUNDLE_IDENTIFIER = zeljkolucic.EssentialFeediOS;
				PRODUCT_NAME = "$(TARGET_NAME:c99extidentifier)";
				SDKROOT = iphoneos;
				SKIP_INSTALL = YES;
				SWIFT_EMIT_LOC_STRINGS = YES;
				SWIFT_VERSION = 5.0;
				TARGETED_DEVICE_FAMILY = "1,2";
				VALIDATE_PRODUCT = YES;
			};
			name = Release;
		};
		E4BAB79B29110353006E9772 /* Debug */ = {
			isa = XCBuildConfiguration;
			buildSettings = {
				ALWAYS_EMBED_SWIFT_STANDARD_LIBRARIES = YES;
				CLANG_ENABLE_MODULES = YES;
				CODE_SIGN_STYLE = Automatic;
				CURRENT_PROJECT_VERSION = 1;
				DEVELOPMENT_TEAM = WHP9Z6BC8S;
				GENERATE_INFOPLIST_FILE = YES;
				IPHONEOS_DEPLOYMENT_TARGET = 16.2;
				LD_RUNPATH_SEARCH_PATHS = (
					"$(inherited)",
					"@executable_path/Frameworks",
					"@loader_path/Frameworks",
				);
				MARKETING_VERSION = 1.0;
				PRODUCT_BUNDLE_IDENTIFIER = zeljkolucic.EssentialFeediOSTests;
				PRODUCT_NAME = "$(TARGET_NAME)";
				SDKROOT = iphoneos;
				SWIFT_EMIT_LOC_STRINGS = NO;
				SWIFT_OPTIMIZATION_LEVEL = "-Onone";
				SWIFT_VERSION = 5.0;
				TARGETED_DEVICE_FAMILY = "1,2";
			};
			name = Debug;
		};
		E4BAB79C29110353006E9772 /* Release */ = {
			isa = XCBuildConfiguration;
			buildSettings = {
				ALWAYS_EMBED_SWIFT_STANDARD_LIBRARIES = YES;
				CLANG_ENABLE_MODULES = YES;
				CODE_SIGN_STYLE = Automatic;
				CURRENT_PROJECT_VERSION = 1;
				DEVELOPMENT_TEAM = WHP9Z6BC8S;
				GENERATE_INFOPLIST_FILE = YES;
				IPHONEOS_DEPLOYMENT_TARGET = 16.2;
				LD_RUNPATH_SEARCH_PATHS = (
					"$(inherited)",
					"@executable_path/Frameworks",
					"@loader_path/Frameworks",
				);
				MARKETING_VERSION = 1.0;
				ONLY_ACTIVE_ARCH = YES;
				PRODUCT_BUNDLE_IDENTIFIER = zeljkolucic.EssentialFeediOSTests;
				PRODUCT_NAME = "$(TARGET_NAME)";
				SDKROOT = iphoneos;
				SWIFT_EMIT_LOC_STRINGS = NO;
				SWIFT_VERSION = 5.0;
				TARGETED_DEVICE_FAMILY = "1,2";
				VALIDATE_PRODUCT = YES;
			};
			name = Release;
		};
/* End XCBuildConfiguration section */

/* Begin XCConfigurationList section */
		E40DBF1E292FD300002870D5 /* Build configuration list for PBXNativeTarget "EssentialFeedCacheIntegrationTests" */ = {
			isa = XCConfigurationList;
			buildConfigurations = (
				E40DBF1C292FD300002870D5 /* Debug */,
				E40DBF1D292FD300002870D5 /* Release */,
			);
			defaultConfigurationIsVisible = 0;
			defaultConfigurationName = Release;
		};
		E4868D5228F83C0900BAC699 /* Build configuration list for PBXProject "EssentialFeed" */ = {
			isa = XCConfigurationList;
			buildConfigurations = (
				E4868D6828F83C0900BAC699 /* Debug */,
				E4868D6928F83C0900BAC699 /* Release */,
			);
			defaultConfigurationIsVisible = 0;
			defaultConfigurationName = Release;
		};
		E4868D6A28F83C0900BAC699 /* Build configuration list for PBXNativeTarget "EssentialFeed" */ = {
			isa = XCConfigurationList;
			buildConfigurations = (
				E4868D6B28F83C0900BAC699 /* Debug */,
				E4868D6C28F83C0900BAC699 /* Release */,
			);
			defaultConfigurationIsVisible = 0;
			defaultConfigurationName = Release;
		};
		E4868D6D28F83C0900BAC699 /* Build configuration list for PBXNativeTarget "EssentialFeedTests" */ = {
			isa = XCConfigurationList;
			buildConfigurations = (
				E4868D6E28F83C0900BAC699 /* Debug */,
				E4868D6F28F83C0900BAC699 /* Release */,
			);
			defaultConfigurationIsVisible = 0;
			defaultConfigurationName = Release;
		};
		E4868D9128FDD43B00BAC699 /* Build configuration list for PBXNativeTarget "EssentialFeedAPIEndToEndTests" */ = {
			isa = XCConfigurationList;
			buildConfigurations = (
				E4868D9228FDD43B00BAC699 /* Debug */,
				E4868D9328FDD43B00BAC699 /* Release */,
			);
			defaultConfigurationIsVisible = 0;
			defaultConfigurationName = Release;
		};
		E4BAB79729110353006E9772 /* Build configuration list for PBXNativeTarget "EssentialFeediOS" */ = {
			isa = XCConfigurationList;
			buildConfigurations = (
				E4BAB79829110353006E9772 /* Debug */,
				E4BAB79929110353006E9772 /* Release */,
			);
			defaultConfigurationIsVisible = 0;
			defaultConfigurationName = Release;
		};
		E4BAB79A29110353006E9772 /* Build configuration list for PBXNativeTarget "EssentialFeediOSTests" */ = {
			isa = XCConfigurationList;
			buildConfigurations = (
				E4BAB79B29110353006E9772 /* Debug */,
				E4BAB79C29110353006E9772 /* Release */,
			);
			defaultConfigurationIsVisible = 0;
			defaultConfigurationName = Release;
		};
/* End XCConfigurationList section */

/* Begin XCVersionGroup section */
		E40DBF02292F9A45002870D5 /* FeedStore.xcdatamodeld */ = {
			isa = XCVersionGroup;
			children = (
				E40DBF03292F9A45002870D5 /* FeedStore.xcdatamodel */,
			);
			currentVersion = E40DBF03292F9A45002870D5 /* FeedStore.xcdatamodel */;
			path = FeedStore.xcdatamodeld;
			sourceTree = "<group>";
			versionGroupType = wrapper.xcdatamodel;
		};
/* End XCVersionGroup section */
	};
	rootObject = E4868D4F28F83C0900BAC699 /* Project object */;
}
