// !$*UTF8*$!
{
	archiveVersion = 1;
	classes = {
	};
	objectVersion = 56;
	objects = {

/* Begin PBXBuildFile section */
		E4061407298087620047F2EA /* AppDelegate.swift in Sources */ = {isa = PBXBuildFile; fileRef = E4061406298087620047F2EA /* AppDelegate.swift */; };
		E4061409298087620047F2EA /* SceneDelegate.swift in Sources */ = {isa = PBXBuildFile; fileRef = E4061408298087620047F2EA /* SceneDelegate.swift */; };
		E406140B298087620047F2EA /* ViewController.swift in Sources */ = {isa = PBXBuildFile; fileRef = E406140A298087620047F2EA /* ViewController.swift */; };
		E406140E298087620047F2EA /* Main.storyboard in Resources */ = {isa = PBXBuildFile; fileRef = E406140C298087620047F2EA /* Main.storyboard */; };
		E4061410298087640047F2EA /* Assets.xcassets in Resources */ = {isa = PBXBuildFile; fileRef = E406140F298087640047F2EA /* Assets.xcassets */; };
		E4061413298087640047F2EA /* LaunchScreen.storyboard in Resources */ = {isa = PBXBuildFile; fileRef = E4061411298087640047F2EA /* LaunchScreen.storyboard */; };
		E40614392980884A0047F2EA /* EssentialFeed.framework in Frameworks */ = {isa = PBXBuildFile; fileRef = E40614372980884A0047F2EA /* EssentialFeed.framework */; };
		E406143A2980884A0047F2EA /* EssentialFeed.framework in Embed Frameworks */ = {isa = PBXBuildFile; fileRef = E40614372980884A0047F2EA /* EssentialFeed.framework */; settings = {ATTRIBUTES = (CodeSignOnCopy, RemoveHeadersOnCopy, ); }; };
		E406143B2980884A0047F2EA /* EssentialFeediOS.framework in Frameworks */ = {isa = PBXBuildFile; fileRef = E40614382980884A0047F2EA /* EssentialFeediOS.framework */; };
		E406143C2980884A0047F2EA /* EssentialFeediOS.framework in Embed Frameworks */ = {isa = PBXBuildFile; fileRef = E40614382980884A0047F2EA /* EssentialFeediOS.framework */; settings = {ATTRIBUTES = (CodeSignOnCopy, RemoveHeadersOnCopy, ); }; };
		E406144129808B5D0047F2EA /* FeedLoaderWithFallbackCompositeTests.swift in Sources */ = {isa = PBXBuildFile; fileRef = E406144029808B5D0047F2EA /* FeedLoaderWithFallbackCompositeTests.swift */; };
		E41D55482982E8B600BD975E /* FeedImageDataLoaderPresentationAdapter.swift in Sources */ = {isa = PBXBuildFile; fileRef = E41D55452982E8B600BD975E /* FeedImageDataLoaderPresentationAdapter.swift */; };
		E41D55492982E8B600BD975E /* MainQueueDispatchDecorator.swift in Sources */ = {isa = PBXBuildFile; fileRef = E41D55422982E8B600BD975E /* MainQueueDispatchDecorator.swift */; };
		E41D554A2982E8B600BD975E /* WeakRefVirtualProxy.swift in Sources */ = {isa = PBXBuildFile; fileRef = E41D55462982E8B600BD975E /* WeakRefVirtualProxy.swift */; };
		E41D554B2982E8B600BD975E /* FeedUIComposer.swift in Sources */ = {isa = PBXBuildFile; fileRef = E41D55472982E8B600BD975E /* FeedUIComposer.swift */; };
		E41D554C2982E8B600BD975E /* FeedViewAdapter.swift in Sources */ = {isa = PBXBuildFile; fileRef = E41D55432982E8B600BD975E /* FeedViewAdapter.swift */; };
		E41D554D2982E8B600BD975E /* FeedLoaderPresentationAdapter.swift in Sources */ = {isa = PBXBuildFile; fileRef = E41D55442982E8B600BD975E /* FeedLoaderPresentationAdapter.swift */; };
		E41D55542982E8E400BD975E /* FeedViewControllerTests+Localization.swift in Sources */ = {isa = PBXBuildFile; fileRef = E41D554E2982E8E400BD975E /* FeedViewControllerTests+Localization.swift */; };
		E41D55552982E8E400BD975E /* FeedImageCell+TestHelpers.swift in Sources */ = {isa = PBXBuildFile; fileRef = E41D55502982E8E400BD975E /* FeedImageCell+TestHelpers.swift */; };
		E41D55562982E8E400BD975E /* UIButton+TestHelpers.swift in Sources */ = {isa = PBXBuildFile; fileRef = E41D55512982E8E400BD975E /* UIButton+TestHelpers.swift */; };
		E41D55572982E8E400BD975E /* UIRefreshControl+TestHelpers.swift in Sources */ = {isa = PBXBuildFile; fileRef = E41D55522982E8E400BD975E /* UIRefreshControl+TestHelpers.swift */; };
		E41D55582982E8E400BD975E /* UIImage+TestHelpers.swift in Sources */ = {isa = PBXBuildFile; fileRef = E41D55532982E8E400BD975E /* UIImage+TestHelpers.swift */; };
		E41D55592982E8E400BD975E /* FeedViewController+TestHelpers.swift in Sources */ = {isa = PBXBuildFile; fileRef = E41D554F2982E8E400BD975E /* FeedViewController+TestHelpers.swift */; };
		E41D555B2982E8F800BD975E /* FeedUIIntegrationTests.swift in Sources */ = {isa = PBXBuildFile; fileRef = E41D555A2982E8F800BD975E /* FeedUIIntegrationTests.swift */; };
		E41D555D2982EAAB00BD975E /* FeedAcceptanceTests.swift in Sources */ = {isa = PBXBuildFile; fileRef = E41D555C2982EAAB00BD975E /* FeedAcceptanceTests.swift */; };
		E41D555F2982EF0A00BD975E /* HTTPClientStub.swift in Sources */ = {isa = PBXBuildFile; fileRef = E41D555E2982EF0A00BD975E /* HTTPClientStub.swift */; };
		E4449739298095C60074ABCF /* FeedLoaderWithFallbackComposite.swift in Sources */ = {isa = PBXBuildFile; fileRef = E4449738298095C60074ABCF /* FeedLoaderWithFallbackComposite.swift */; };
		E444973B298096540074ABCF /* FeedImageDataLoaderWithFallbackCompositeTests.swift in Sources */ = {isa = PBXBuildFile; fileRef = E444973A298096540074ABCF /* FeedImageDataLoaderWithFallbackCompositeTests.swift */; };
		E444973D29809B5B0074ABCF /* FeedImageDataLoaderWithFallbackComposite.swift in Sources */ = {isa = PBXBuildFile; fileRef = E444973C29809B5B0074ABCF /* FeedImageDataLoaderWithFallbackComposite.swift */; };
		E444973F29809BA20074ABCF /* XCTestCase+MemoryLeakTracking.swift in Sources */ = {isa = PBXBuildFile; fileRef = E444973E29809BA20074ABCF /* XCTestCase+MemoryLeakTracking.swift */; };
		E444974229809C010074ABCF /* SharedTestHelpers.swift in Sources */ = {isa = PBXBuildFile; fileRef = E444974129809C010074ABCF /* SharedTestHelpers.swift */; };
		E4449744298124690074ABCF /* FeedLoaderCacheDecoratorTests.swift in Sources */ = {isa = PBXBuildFile; fileRef = E4449743298124690074ABCF /* FeedLoaderCacheDecoratorTests.swift */; };
		E44497462981260F0074ABCF /* FeedLoaderStub.swift in Sources */ = {isa = PBXBuildFile; fileRef = E44497452981260F0074ABCF /* FeedLoaderStub.swift */; };
		E44497482981271B0074ABCF /* XCTestCase+FeedLoader.swift in Sources */ = {isa = PBXBuildFile; fileRef = E44497472981271B0074ABCF /* XCTestCase+FeedLoader.swift */; };
		E444974C298130B60074ABCF /* FeedLoaderCacheDecorator.swift in Sources */ = {isa = PBXBuildFile; fileRef = E444974B298130B60074ABCF /* FeedLoaderCacheDecorator.swift */; };
		E444974E29814A090074ABCF /* FeedImageDataLoaderCacheDecoratorTests.swift in Sources */ = {isa = PBXBuildFile; fileRef = E444974D29814A090074ABCF /* FeedImageDataLoaderCacheDecoratorTests.swift */; };
		E4449750298150D90074ABCF /* XCTestCase+FeedImageDataLoader.swift in Sources */ = {isa = PBXBuildFile; fileRef = E444974F298150D90074ABCF /* XCTestCase+FeedImageDataLoader.swift */; };
		E4449754298151CE0074ABCF /* FeedImageDataLoaderCacheDecorator.swift in Sources */ = {isa = PBXBuildFile; fileRef = E4449753298151CE0074ABCF /* FeedImageDataLoaderCacheDecorator.swift */; };
		E44497562981522D0074ABCF /* FeedImageDataLoaderSpy.swift in Sources */ = {isa = PBXBuildFile; fileRef = E44497552981522D0074ABCF /* FeedImageDataLoaderSpy.swift */; };
		E4601A632982E603000A2FC0 /* SceneDelegateTests.swift in Sources */ = {isa = PBXBuildFile; fileRef = E4601A622982E603000A2FC0 /* SceneDelegateTests.swift */; };
/* End PBXBuildFile section */

/* Begin PBXContainerItemProxy section */
		E406141A298087640047F2EA /* PBXContainerItemProxy */ = {
			isa = PBXContainerItemProxy;
			containerPortal = E40613FB298087620047F2EA /* Project object */;
			proxyType = 1;
			remoteGlobalIDString = E4061402298087620047F2EA;
			remoteInfo = EssentialApp;
		};
/* End PBXContainerItemProxy section */

/* Begin PBXCopyFilesBuildPhase section */
		E406143D2980884A0047F2EA /* Embed Frameworks */ = {
			isa = PBXCopyFilesBuildPhase;
			buildActionMask = 2147483647;
			dstPath = "";
			dstSubfolderSpec = 10;
			files = (
				E406143A2980884A0047F2EA /* EssentialFeed.framework in Embed Frameworks */,
				E406143C2980884A0047F2EA /* EssentialFeediOS.framework in Embed Frameworks */,
			);
			name = "Embed Frameworks";
			runOnlyForDeploymentPostprocessing = 0;
		};
/* End PBXCopyFilesBuildPhase section */

/* Begin PBXFileReference section */
		E4061403298087620047F2EA /* EssentialApp.app */ = {isa = PBXFileReference; explicitFileType = wrapper.application; includeInIndex = 0; path = EssentialApp.app; sourceTree = BUILT_PRODUCTS_DIR; };
		E4061406298087620047F2EA /* AppDelegate.swift */ = {isa = PBXFileReference; lastKnownFileType = sourcecode.swift; path = AppDelegate.swift; sourceTree = "<group>"; };
		E4061408298087620047F2EA /* SceneDelegate.swift */ = {isa = PBXFileReference; lastKnownFileType = sourcecode.swift; path = SceneDelegate.swift; sourceTree = "<group>"; };
		E406140A298087620047F2EA /* ViewController.swift */ = {isa = PBXFileReference; lastKnownFileType = sourcecode.swift; path = ViewController.swift; sourceTree = "<group>"; };
		E406140D298087620047F2EA /* Base */ = {isa = PBXFileReference; lastKnownFileType = file.storyboard; name = Base; path = Base.lproj/Main.storyboard; sourceTree = "<group>"; };
		E406140F298087640047F2EA /* Assets.xcassets */ = {isa = PBXFileReference; lastKnownFileType = folder.assetcatalog; path = Assets.xcassets; sourceTree = "<group>"; };
		E4061412298087640047F2EA /* Base */ = {isa = PBXFileReference; lastKnownFileType = file.storyboard; name = Base; path = Base.lproj/LaunchScreen.storyboard; sourceTree = "<group>"; };
		E4061414298087640047F2EA /* Info.plist */ = {isa = PBXFileReference; lastKnownFileType = text.plist.xml; path = Info.plist; sourceTree = "<group>"; };
		E4061419298087640047F2EA /* EssentialAppTests.xctest */ = {isa = PBXFileReference; explicitFileType = wrapper.cfbundle; includeInIndex = 0; path = EssentialAppTests.xctest; sourceTree = BUILT_PRODUCTS_DIR; };
		E40614372980884A0047F2EA /* EssentialFeed.framework */ = {isa = PBXFileReference; explicitFileType = wrapper.framework; path = EssentialFeed.framework; sourceTree = BUILT_PRODUCTS_DIR; };
		E40614382980884A0047F2EA /* EssentialFeediOS.framework */ = {isa = PBXFileReference; explicitFileType = wrapper.framework; path = EssentialFeediOS.framework; sourceTree = BUILT_PRODUCTS_DIR; };
		E406144029808B5D0047F2EA /* FeedLoaderWithFallbackCompositeTests.swift */ = {isa = PBXFileReference; fileEncoding = 4; lastKnownFileType = sourcecode.swift; path = FeedLoaderWithFallbackCompositeTests.swift; sourceTree = "<group>"; };
		E41D55422982E8B600BD975E /* MainQueueDispatchDecorator.swift */ = {isa = PBXFileReference; lastKnownFileType = sourcecode.swift; path = MainQueueDispatchDecorator.swift; sourceTree = "<group>"; };
		E41D55432982E8B600BD975E /* FeedViewAdapter.swift */ = {isa = PBXFileReference; lastKnownFileType = sourcecode.swift; path = FeedViewAdapter.swift; sourceTree = "<group>"; };
		E41D55442982E8B600BD975E /* FeedLoaderPresentationAdapter.swift */ = {isa = PBXFileReference; lastKnownFileType = sourcecode.swift; path = FeedLoaderPresentationAdapter.swift; sourceTree = "<group>"; };
		E41D55452982E8B600BD975E /* FeedImageDataLoaderPresentationAdapter.swift */ = {isa = PBXFileReference; lastKnownFileType = sourcecode.swift; path = FeedImageDataLoaderPresentationAdapter.swift; sourceTree = "<group>"; };
		E41D55462982E8B600BD975E /* WeakRefVirtualProxy.swift */ = {isa = PBXFileReference; lastKnownFileType = sourcecode.swift; path = WeakRefVirtualProxy.swift; sourceTree = "<group>"; };
		E41D55472982E8B600BD975E /* FeedUIComposer.swift */ = {isa = PBXFileReference; lastKnownFileType = sourcecode.swift; path = FeedUIComposer.swift; sourceTree = "<group>"; };
		E41D554E2982E8E400BD975E /* FeedViewControllerTests+Localization.swift */ = {isa = PBXFileReference; lastKnownFileType = sourcecode.swift; path = "FeedViewControllerTests+Localization.swift"; sourceTree = "<group>"; };
		E41D554F2982E8E400BD975E /* FeedViewController+TestHelpers.swift */ = {isa = PBXFileReference; lastKnownFileType = sourcecode.swift; path = "FeedViewController+TestHelpers.swift"; sourceTree = "<group>"; };
		E41D55502982E8E400BD975E /* FeedImageCell+TestHelpers.swift */ = {isa = PBXFileReference; lastKnownFileType = sourcecode.swift; path = "FeedImageCell+TestHelpers.swift"; sourceTree = "<group>"; };
		E41D55512982E8E400BD975E /* UIButton+TestHelpers.swift */ = {isa = PBXFileReference; lastKnownFileType = sourcecode.swift; path = "UIButton+TestHelpers.swift"; sourceTree = "<group>"; };
		E41D55522982E8E400BD975E /* UIRefreshControl+TestHelpers.swift */ = {isa = PBXFileReference; lastKnownFileType = sourcecode.swift; path = "UIRefreshControl+TestHelpers.swift"; sourceTree = "<group>"; };
		E41D55532982E8E400BD975E /* UIImage+TestHelpers.swift */ = {isa = PBXFileReference; lastKnownFileType = sourcecode.swift; path = "UIImage+TestHelpers.swift"; sourceTree = "<group>"; };
		E41D555A2982E8F800BD975E /* FeedUIIntegrationTests.swift */ = {isa = PBXFileReference; lastKnownFileType = sourcecode.swift; path = FeedUIIntegrationTests.swift; sourceTree = "<group>"; };
		E41D555C2982EAAB00BD975E /* FeedAcceptanceTests.swift */ = {isa = PBXFileReference; lastKnownFileType = sourcecode.swift; path = FeedAcceptanceTests.swift; sourceTree = "<group>"; };
		E41D555E2982EF0A00BD975E /* HTTPClientStub.swift */ = {isa = PBXFileReference; lastKnownFileType = sourcecode.swift; path = HTTPClientStub.swift; sourceTree = "<group>"; };
		E4449738298095C60074ABCF /* FeedLoaderWithFallbackComposite.swift */ = {isa = PBXFileReference; lastKnownFileType = sourcecode.swift; path = FeedLoaderWithFallbackComposite.swift; sourceTree = "<group>"; };
		E444973A298096540074ABCF /* FeedImageDataLoaderWithFallbackCompositeTests.swift */ = {isa = PBXFileReference; lastKnownFileType = sourcecode.swift; path = FeedImageDataLoaderWithFallbackCompositeTests.swift; sourceTree = "<group>"; };
		E444973C29809B5B0074ABCF /* FeedImageDataLoaderWithFallbackComposite.swift */ = {isa = PBXFileReference; lastKnownFileType = sourcecode.swift; path = FeedImageDataLoaderWithFallbackComposite.swift; sourceTree = "<group>"; };
		E444973E29809BA20074ABCF /* XCTestCase+MemoryLeakTracking.swift */ = {isa = PBXFileReference; lastKnownFileType = sourcecode.swift; path = "XCTestCase+MemoryLeakTracking.swift"; sourceTree = "<group>"; };
		E444974129809C010074ABCF /* SharedTestHelpers.swift */ = {isa = PBXFileReference; lastKnownFileType = sourcecode.swift; path = SharedTestHelpers.swift; sourceTree = "<group>"; };
		E4449743298124690074ABCF /* FeedLoaderCacheDecoratorTests.swift */ = {isa = PBXFileReference; lastKnownFileType = sourcecode.swift; path = FeedLoaderCacheDecoratorTests.swift; sourceTree = "<group>"; };
		E44497452981260F0074ABCF /* FeedLoaderStub.swift */ = {isa = PBXFileReference; lastKnownFileType = sourcecode.swift; path = FeedLoaderStub.swift; sourceTree = "<group>"; };
		E44497472981271B0074ABCF /* XCTestCase+FeedLoader.swift */ = {isa = PBXFileReference; lastKnownFileType = sourcecode.swift; path = "XCTestCase+FeedLoader.swift"; sourceTree = "<group>"; };
		E444974B298130B60074ABCF /* FeedLoaderCacheDecorator.swift */ = {isa = PBXFileReference; lastKnownFileType = sourcecode.swift; path = FeedLoaderCacheDecorator.swift; sourceTree = "<group>"; };
		E444974D29814A090074ABCF /* FeedImageDataLoaderCacheDecoratorTests.swift */ = {isa = PBXFileReference; lastKnownFileType = sourcecode.swift; path = FeedImageDataLoaderCacheDecoratorTests.swift; sourceTree = "<group>"; };
		E444974F298150D90074ABCF /* XCTestCase+FeedImageDataLoader.swift */ = {isa = PBXFileReference; lastKnownFileType = sourcecode.swift; path = "XCTestCase+FeedImageDataLoader.swift"; sourceTree = "<group>"; };
		E4449753298151CE0074ABCF /* FeedImageDataLoaderCacheDecorator.swift */ = {isa = PBXFileReference; lastKnownFileType = sourcecode.swift; path = FeedImageDataLoaderCacheDecorator.swift; sourceTree = "<group>"; };
		E44497552981522D0074ABCF /* FeedImageDataLoaderSpy.swift */ = {isa = PBXFileReference; lastKnownFileType = sourcecode.swift; path = FeedImageDataLoaderSpy.swift; sourceTree = "<group>"; };
		E4601A622982E603000A2FC0 /* SceneDelegateTests.swift */ = {isa = PBXFileReference; lastKnownFileType = sourcecode.swift; path = SceneDelegateTests.swift; sourceTree = "<group>"; };
/* End PBXFileReference section */

/* Begin PBXFrameworksBuildPhase section */
		E4061400298087620047F2EA /* Frameworks */ = {
			isa = PBXFrameworksBuildPhase;
			buildActionMask = 2147483647;
			files = (
				E40614392980884A0047F2EA /* EssentialFeed.framework in Frameworks */,
				E406143B2980884A0047F2EA /* EssentialFeediOS.framework in Frameworks */,
			);
			runOnlyForDeploymentPostprocessing = 0;
		};
		E4061416298087640047F2EA /* Frameworks */ = {
			isa = PBXFrameworksBuildPhase;
			buildActionMask = 2147483647;
			files = (
			);
			runOnlyForDeploymentPostprocessing = 0;
		};
/* End PBXFrameworksBuildPhase section */

/* Begin PBXGroup section */
		E40613FA298087620047F2EA = {
			isa = PBXGroup;
			children = (
				E4061405298087620047F2EA /* EssentialApp */,
				E406141C298087640047F2EA /* EssentialAppTests */,
				E4061404298087620047F2EA /* Products */,
				E40614362980884A0047F2EA /* Frameworks */,
			);
			sourceTree = "<group>";
		};
		E4061404298087620047F2EA /* Products */ = {
			isa = PBXGroup;
			children = (
				E4061403298087620047F2EA /* EssentialApp.app */,
				E4061419298087640047F2EA /* EssentialAppTests.xctest */,
			);
			name = Products;
			sourceTree = "<group>";
		};
		E4061405298087620047F2EA /* EssentialApp */ = {
			isa = PBXGroup;
			children = (
				E4061406298087620047F2EA /* AppDelegate.swift */,
				E4061408298087620047F2EA /* SceneDelegate.swift */,
				E406140A298087620047F2EA /* ViewController.swift */,
				E406140C298087620047F2EA /* Main.storyboard */,
				E406140F298087640047F2EA /* Assets.xcassets */,
				E4061411298087640047F2EA /* LaunchScreen.storyboard */,
				E4061414298087640047F2EA /* Info.plist */,
				E41D55472982E8B600BD975E /* FeedUIComposer.swift */,
				E41D55422982E8B600BD975E /* MainQueueDispatchDecorator.swift */,
				E41D55462982E8B600BD975E /* WeakRefVirtualProxy.swift */,
				E41D55432982E8B600BD975E /* FeedViewAdapter.swift */,
				E41D55442982E8B600BD975E /* FeedLoaderPresentationAdapter.swift */,
				E41D55452982E8B600BD975E /* FeedImageDataLoaderPresentationAdapter.swift */,
				E4449738298095C60074ABCF /* FeedLoaderWithFallbackComposite.swift */,
				E444973C29809B5B0074ABCF /* FeedImageDataLoaderWithFallbackComposite.swift */,
				E444974B298130B60074ABCF /* FeedLoaderCacheDecorator.swift */,
				E4449753298151CE0074ABCF /* FeedImageDataLoaderCacheDecorator.swift */,
			);
			path = EssentialApp;
			sourceTree = "<group>";
		};
		E406141C298087640047F2EA /* EssentialAppTests */ = {
			isa = PBXGroup;
			children = (
				E444974029809BEA0074ABCF /* Helpers */,
				E406144029808B5D0047F2EA /* FeedLoaderWithFallbackCompositeTests.swift */,
				E444973A298096540074ABCF /* FeedImageDataLoaderWithFallbackCompositeTests.swift */,
				E4449743298124690074ABCF /* FeedLoaderCacheDecoratorTests.swift */,
				E444974D29814A090074ABCF /* FeedImageDataLoaderCacheDecoratorTests.swift */,
				E4601A622982E603000A2FC0 /* SceneDelegateTests.swift */,
				E41D555A2982E8F800BD975E /* FeedUIIntegrationTests.swift */,
				E41D555C2982EAAB00BD975E /* FeedAcceptanceTests.swift */,
			);
			path = EssentialAppTests;
			sourceTree = "<group>";
		};
		E40614362980884A0047F2EA /* Frameworks */ = {
			isa = PBXGroup;
			children = (
				E40614372980884A0047F2EA /* EssentialFeed.framework */,
				E40614382980884A0047F2EA /* EssentialFeediOS.framework */,
			);
			name = Frameworks;
			sourceTree = "<group>";
		};
		E444974029809BEA0074ABCF /* Helpers */ = {
			isa = PBXGroup;
			children = (
				E41D554E2982E8E400BD975E /* FeedViewControllerTests+Localization.swift */,
				E41D55532982E8E400BD975E /* UIImage+TestHelpers.swift */,
				E41D554F2982E8E400BD975E /* FeedViewController+TestHelpers.swift */,
				E41D55502982E8E400BD975E /* FeedImageCell+TestHelpers.swift */,
				E41D55512982E8E400BD975E /* UIButton+TestHelpers.swift */,
				E41D55522982E8E400BD975E /* UIRefreshControl+TestHelpers.swift */,
				E444973E29809BA20074ABCF /* XCTestCase+MemoryLeakTracking.swift */,
				E444974129809C010074ABCF /* SharedTestHelpers.swift */,
				E44497452981260F0074ABCF /* FeedLoaderStub.swift */,
				E44497472981271B0074ABCF /* XCTestCase+FeedLoader.swift */,
				E444974F298150D90074ABCF /* XCTestCase+FeedImageDataLoader.swift */,
				E44497552981522D0074ABCF /* FeedImageDataLoaderSpy.swift */,
				E41D555E2982EF0A00BD975E /* HTTPClientStub.swift */,
			);
			path = Helpers;
			sourceTree = "<group>";
		};
/* End PBXGroup section */

/* Begin PBXNativeTarget section */
		E4061402298087620047F2EA /* EssentialApp */ = {
			isa = PBXNativeTarget;
			buildConfigurationList = E406142D298087640047F2EA /* Build configuration list for PBXNativeTarget "EssentialApp" */;
			buildPhases = (
				E40613FF298087620047F2EA /* Sources */,
				E4061400298087620047F2EA /* Frameworks */,
				E4061401298087620047F2EA /* Resources */,
				E406143D2980884A0047F2EA /* Embed Frameworks */,
			);
			buildRules = (
			);
			dependencies = (
			);
			name = EssentialApp;
			productName = EssentialApp;
			productReference = E4061403298087620047F2EA /* EssentialApp.app */;
			productType = "com.apple.product-type.application";
		};
		E4061418298087640047F2EA /* EssentialAppTests */ = {
			isa = PBXNativeTarget;
			buildConfigurationList = E4061430298087640047F2EA /* Build configuration list for PBXNativeTarget "EssentialAppTests" */;
			buildPhases = (
				E4061415298087640047F2EA /* Sources */,
				E4061416298087640047F2EA /* Frameworks */,
				E4061417298087640047F2EA /* Resources */,
			);
			buildRules = (
			);
			dependencies = (
				E406141B298087640047F2EA /* PBXTargetDependency */,
			);
			name = EssentialAppTests;
			productName = EssentialAppTests;
			productReference = E4061419298087640047F2EA /* EssentialAppTests.xctest */;
			productType = "com.apple.product-type.bundle.unit-test";
		};
/* End PBXNativeTarget section */

/* Begin PBXProject section */
		E40613FB298087620047F2EA /* Project object */ = {
			isa = PBXProject;
			attributes = {
				BuildIndependentTargetsInParallel = 1;
				LastSwiftUpdateCheck = 1420;
				LastUpgradeCheck = 1420;
				TargetAttributes = {
					E4061402298087620047F2EA = {
						CreatedOnToolsVersion = 14.2;
					};
					E4061418298087640047F2EA = {
						CreatedOnToolsVersion = 14.2;
						TestTargetID = E4061402298087620047F2EA;
					};
				};
			};
			buildConfigurationList = E40613FE298087620047F2EA /* Build configuration list for PBXProject "EssentialApp" */;
			compatibilityVersion = "Xcode 14.0";
			developmentRegion = en;
			hasScannedForEncodings = 0;
			knownRegions = (
				en,
				Base,
			);
			mainGroup = E40613FA298087620047F2EA;
			productRefGroup = E4061404298087620047F2EA /* Products */;
			projectDirPath = "";
			projectRoot = "";
			targets = (
				E4061402298087620047F2EA /* EssentialApp */,
				E4061418298087640047F2EA /* EssentialAppTests */,
			);
		};
/* End PBXProject section */

/* Begin PBXResourcesBuildPhase section */
		E4061401298087620047F2EA /* Resources */ = {
			isa = PBXResourcesBuildPhase;
			buildActionMask = 2147483647;
			files = (
				E4061413298087640047F2EA /* LaunchScreen.storyboard in Resources */,
				E4061410298087640047F2EA /* Assets.xcassets in Resources */,
				E406140E298087620047F2EA /* Main.storyboard in Resources */,
			);
			runOnlyForDeploymentPostprocessing = 0;
		};
		E4061417298087640047F2EA /* Resources */ = {
			isa = PBXResourcesBuildPhase;
			buildActionMask = 2147483647;
			files = (
			);
			runOnlyForDeploymentPostprocessing = 0;
		};
/* End PBXResourcesBuildPhase section */

/* Begin PBXSourcesBuildPhase section */
		E40613FF298087620047F2EA /* Sources */ = {
			isa = PBXSourcesBuildPhase;
			buildActionMask = 2147483647;
			files = (
				E41D554A2982E8B600BD975E /* WeakRefVirtualProxy.swift in Sources */,
				E41D554B2982E8B600BD975E /* FeedUIComposer.swift in Sources */,
				E406140B298087620047F2EA /* ViewController.swift in Sources */,
				E4061407298087620047F2EA /* AppDelegate.swift in Sources */,
				E4449739298095C60074ABCF /* FeedLoaderWithFallbackComposite.swift in Sources */,
				E444974C298130B60074ABCF /* FeedLoaderCacheDecorator.swift in Sources */,
				E4061409298087620047F2EA /* SceneDelegate.swift in Sources */,
				E41D55492982E8B600BD975E /* MainQueueDispatchDecorator.swift in Sources */,
				E41D55482982E8B600BD975E /* FeedImageDataLoaderPresentationAdapter.swift in Sources */,
				E444973D29809B5B0074ABCF /* FeedImageDataLoaderWithFallbackComposite.swift in Sources */,
				E4449754298151CE0074ABCF /* FeedImageDataLoaderCacheDecorator.swift in Sources */,
				E41D554D2982E8B600BD975E /* FeedLoaderPresentationAdapter.swift in Sources */,
				E41D554C2982E8B600BD975E /* FeedViewAdapter.swift in Sources */,
			);
			runOnlyForDeploymentPostprocessing = 0;
		};
		E4061415298087640047F2EA /* Sources */ = {
			isa = PBXSourcesBuildPhase;
			buildActionMask = 2147483647;
			files = (
				E44497462981260F0074ABCF /* FeedLoaderStub.swift in Sources */,
				E41D55572982E8E400BD975E /* UIRefreshControl+TestHelpers.swift in Sources */,
				E444974E29814A090074ABCF /* FeedImageDataLoaderCacheDecoratorTests.swift in Sources */,
				E41D55592982E8E400BD975E /* FeedViewController+TestHelpers.swift in Sources */,
				E41D555B2982E8F800BD975E /* FeedUIIntegrationTests.swift in Sources */,
				E41D55582982E8E400BD975E /* UIImage+TestHelpers.swift in Sources */,
				E41D555D2982EAAB00BD975E /* FeedAcceptanceTests.swift in Sources */,
				E44497482981271B0074ABCF /* XCTestCase+FeedLoader.swift in Sources */,
				E41D555F2982EF0A00BD975E /* HTTPClientStub.swift in Sources */,
				E444974229809C010074ABCF /* SharedTestHelpers.swift in Sources */,
				E4601A632982E603000A2FC0 /* SceneDelegateTests.swift in Sources */,
				E444973B298096540074ABCF /* FeedImageDataLoaderWithFallbackCompositeTests.swift in Sources */,
				E4449750298150D90074ABCF /* XCTestCase+FeedImageDataLoader.swift in Sources */,
				E406144129808B5D0047F2EA /* FeedLoaderWithFallbackCompositeTests.swift in Sources */,
				E44497562981522D0074ABCF /* FeedImageDataLoaderSpy.swift in Sources */,
				E41D55552982E8E400BD975E /* FeedImageCell+TestHelpers.swift in Sources */,
				E4449744298124690074ABCF /* FeedLoaderCacheDecoratorTests.swift in Sources */,
				E41D55562982E8E400BD975E /* UIButton+TestHelpers.swift in Sources */,
				E444973F29809BA20074ABCF /* XCTestCase+MemoryLeakTracking.swift in Sources */,
				E41D55542982E8E400BD975E /* FeedViewControllerTests+Localization.swift in Sources */,
			);
			runOnlyForDeploymentPostprocessing = 0;
		};
/* End PBXSourcesBuildPhase section */

/* Begin PBXTargetDependency section */
		E406141B298087640047F2EA /* PBXTargetDependency */ = {
			isa = PBXTargetDependency;
			target = E4061402298087620047F2EA /* EssentialApp */;
			targetProxy = E406141A298087640047F2EA /* PBXContainerItemProxy */;
		};
/* End PBXTargetDependency section */

/* Begin PBXVariantGroup section */
		E406140C298087620047F2EA /* Main.storyboard */ = {
			isa = PBXVariantGroup;
			children = (
				E406140D298087620047F2EA /* Base */,
			);
			name = Main.storyboard;
			sourceTree = "<group>";
		};
		E4061411298087640047F2EA /* LaunchScreen.storyboard */ = {
			isa = PBXVariantGroup;
			children = (
				E4061412298087640047F2EA /* Base */,
			);
			name = LaunchScreen.storyboard;
			sourceTree = "<group>";
		};
/* End PBXVariantGroup section */

/* Begin XCBuildConfiguration section */
		E406142B298087640047F2EA /* Debug */ = {
			isa = XCBuildConfiguration;
			buildSettings = {
				ALWAYS_SEARCH_USER_PATHS = NO;
				CLANG_ANALYZER_NONNULL = YES;
				CLANG_ANALYZER_NUMBER_OBJECT_CONVERSION = YES_AGGRESSIVE;
				CLANG_CXX_LANGUAGE_STANDARD = "gnu++20";
				CLANG_ENABLE_MODULES = YES;
				CLANG_ENABLE_OBJC_ARC = YES;
				CLANG_ENABLE_OBJC_WEAK = YES;
				CLANG_WARN_BLOCK_CAPTURE_AUTORELEASING = YES;
				CLANG_WARN_BOOL_CONVERSION = YES;
				CLANG_WARN_COMMA = YES;
				CLANG_WARN_CONSTANT_CONVERSION = YES;
				CLANG_WARN_DEPRECATED_OBJC_IMPLEMENTATIONS = YES;
				CLANG_WARN_DIRECT_OBJC_ISA_USAGE = YES_ERROR;
				CLANG_WARN_DOCUMENTATION_COMMENTS = YES;
				CLANG_WARN_EMPTY_BODY = YES;
				CLANG_WARN_ENUM_CONVERSION = YES;
				CLANG_WARN_INFINITE_RECURSION = YES;
				CLANG_WARN_INT_CONVERSION = YES;
				CLANG_WARN_NON_LITERAL_NULL_CONVERSION = YES;
				CLANG_WARN_OBJC_IMPLICIT_RETAIN_SELF = YES;
				CLANG_WARN_OBJC_LITERAL_CONVERSION = YES;
				CLANG_WARN_OBJC_ROOT_CLASS = YES_ERROR;
				CLANG_WARN_QUOTED_INCLUDE_IN_FRAMEWORK_HEADER = YES;
				CLANG_WARN_RANGE_LOOP_ANALYSIS = YES;
				CLANG_WARN_STRICT_PROTOTYPES = YES;
				CLANG_WARN_SUSPICIOUS_MOVE = YES;
				CLANG_WARN_UNGUARDED_AVAILABILITY = YES_AGGRESSIVE;
				CLANG_WARN_UNREACHABLE_CODE = YES;
				CLANG_WARN__DUPLICATE_METHOD_MATCH = YES;
				COPY_PHASE_STRIP = NO;
				DEBUG_INFORMATION_FORMAT = dwarf;
				ENABLE_STRICT_OBJC_MSGSEND = YES;
				ENABLE_TESTABILITY = YES;
				GCC_C_LANGUAGE_STANDARD = gnu11;
				GCC_DYNAMIC_NO_PIC = NO;
				GCC_NO_COMMON_BLOCKS = YES;
				GCC_OPTIMIZATION_LEVEL = 0;
				GCC_PREPROCESSOR_DEFINITIONS = (
					"DEBUG=1",
					"$(inherited)",
				);
				GCC_WARN_64_TO_32_BIT_CONVERSION = YES;
				GCC_WARN_ABOUT_RETURN_TYPE = YES_ERROR;
				GCC_WARN_UNDECLARED_SELECTOR = YES;
				GCC_WARN_UNINITIALIZED_AUTOS = YES_AGGRESSIVE;
				GCC_WARN_UNUSED_FUNCTION = YES;
				GCC_WARN_UNUSED_VARIABLE = YES;
				IPHONEOS_DEPLOYMENT_TARGET = 16.2;
				MTL_ENABLE_DEBUG_INFO = INCLUDE_SOURCE;
				MTL_FAST_MATH = YES;
				ONLY_ACTIVE_ARCH = YES;
				SDKROOT = iphoneos;
				SWIFT_ACTIVE_COMPILATION_CONDITIONS = DEBUG;
				SWIFT_OPTIMIZATION_LEVEL = "-Onone";
			};
			name = Debug;
		};
		E406142C298087640047F2EA /* Release */ = {
			isa = XCBuildConfiguration;
			buildSettings = {
				ALWAYS_SEARCH_USER_PATHS = NO;
				CLANG_ANALYZER_NONNULL = YES;
				CLANG_ANALYZER_NUMBER_OBJECT_CONVERSION = YES_AGGRESSIVE;
				CLANG_CXX_LANGUAGE_STANDARD = "gnu++20";
				CLANG_ENABLE_MODULES = YES;
				CLANG_ENABLE_OBJC_ARC = YES;
				CLANG_ENABLE_OBJC_WEAK = YES;
				CLANG_WARN_BLOCK_CAPTURE_AUTORELEASING = YES;
				CLANG_WARN_BOOL_CONVERSION = YES;
				CLANG_WARN_COMMA = YES;
				CLANG_WARN_CONSTANT_CONVERSION = YES;
				CLANG_WARN_DEPRECATED_OBJC_IMPLEMENTATIONS = YES;
				CLANG_WARN_DIRECT_OBJC_ISA_USAGE = YES_ERROR;
				CLANG_WARN_DOCUMENTATION_COMMENTS = YES;
				CLANG_WARN_EMPTY_BODY = YES;
				CLANG_WARN_ENUM_CONVERSION = YES;
				CLANG_WARN_INFINITE_RECURSION = YES;
				CLANG_WARN_INT_CONVERSION = YES;
				CLANG_WARN_NON_LITERAL_NULL_CONVERSION = YES;
				CLANG_WARN_OBJC_IMPLICIT_RETAIN_SELF = YES;
				CLANG_WARN_OBJC_LITERAL_CONVERSION = YES;
				CLANG_WARN_OBJC_ROOT_CLASS = YES_ERROR;
				CLANG_WARN_QUOTED_INCLUDE_IN_FRAMEWORK_HEADER = YES;
				CLANG_WARN_RANGE_LOOP_ANALYSIS = YES;
				CLANG_WARN_STRICT_PROTOTYPES = YES;
				CLANG_WARN_SUSPICIOUS_MOVE = YES;
				CLANG_WARN_UNGUARDED_AVAILABILITY = YES_AGGRESSIVE;
				CLANG_WARN_UNREACHABLE_CODE = YES;
				CLANG_WARN__DUPLICATE_METHOD_MATCH = YES;
				COPY_PHASE_STRIP = NO;
				DEBUG_INFORMATION_FORMAT = "dwarf-with-dsym";
				ENABLE_NS_ASSERTIONS = NO;
				ENABLE_STRICT_OBJC_MSGSEND = YES;
				GCC_C_LANGUAGE_STANDARD = gnu11;
				GCC_NO_COMMON_BLOCKS = YES;
				GCC_WARN_64_TO_32_BIT_CONVERSION = YES;
				GCC_WARN_ABOUT_RETURN_TYPE = YES_ERROR;
				GCC_WARN_UNDECLARED_SELECTOR = YES;
				GCC_WARN_UNINITIALIZED_AUTOS = YES_AGGRESSIVE;
				GCC_WARN_UNUSED_FUNCTION = YES;
				GCC_WARN_UNUSED_VARIABLE = YES;
				IPHONEOS_DEPLOYMENT_TARGET = 16.2;
				MTL_ENABLE_DEBUG_INFO = NO;
				MTL_FAST_MATH = YES;
				SDKROOT = iphoneos;
				SWIFT_COMPILATION_MODE = wholemodule;
				SWIFT_OPTIMIZATION_LEVEL = "-O";
				VALIDATE_PRODUCT = YES;
			};
			name = Release;
		};
		E406142E298087640047F2EA /* Debug */ = {
			isa = XCBuildConfiguration;
			buildSettings = {
				ASSETCATALOG_COMPILER_APPICON_NAME = AppIcon;
				ASSETCATALOG_COMPILER_GLOBAL_ACCENT_COLOR_NAME = AccentColor;
				CODE_SIGN_STYLE = Automatic;
				CURRENT_PROJECT_VERSION = 1;
				DEVELOPMENT_TEAM = WHP9Z6BC8S;
				GENERATE_INFOPLIST_FILE = YES;
				INFOPLIST_FILE = EssentialApp/Info.plist;
				INFOPLIST_KEY_UIApplicationSupportsIndirectInputEvents = YES;
				INFOPLIST_KEY_UILaunchStoryboardName = LaunchScreen;
				INFOPLIST_KEY_UIMainStoryboardFile = Main;
				INFOPLIST_KEY_UISupportedInterfaceOrientations = UIInterfaceOrientationPortrait;
				LD_RUNPATH_SEARCH_PATHS = (
					"$(inherited)",
					"@executable_path/Frameworks",
				);
				MARKETING_VERSION = 1.0;
				PRODUCT_BUNDLE_IDENTIFIER = zeljkolucic.EssentialApp;
				PRODUCT_NAME = "$(TARGET_NAME)";
				SWIFT_EMIT_LOC_STRINGS = YES;
				SWIFT_VERSION = 5.0;
				TARGETED_DEVICE_FAMILY = "1,2";
			};
			name = Debug;
		};
		E406142F298087640047F2EA /* Release */ = {
			isa = XCBuildConfiguration;
			buildSettings = {
				ASSETCATALOG_COMPILER_APPICON_NAME = AppIcon;
				ASSETCATALOG_COMPILER_GLOBAL_ACCENT_COLOR_NAME = AccentColor;
				CODE_SIGN_STYLE = Automatic;
				CURRENT_PROJECT_VERSION = 1;
				DEVELOPMENT_TEAM = WHP9Z6BC8S;
				GENERATE_INFOPLIST_FILE = YES;
				INFOPLIST_FILE = EssentialApp/Info.plist;
				INFOPLIST_KEY_UIApplicationSupportsIndirectInputEvents = YES;
				INFOPLIST_KEY_UILaunchStoryboardName = LaunchScreen;
				INFOPLIST_KEY_UIMainStoryboardFile = Main;
				INFOPLIST_KEY_UISupportedInterfaceOrientations = UIInterfaceOrientationPortrait;
				LD_RUNPATH_SEARCH_PATHS = (
					"$(inherited)",
					"@executable_path/Frameworks",
				);
				MARKETING_VERSION = 1.0;
				PRODUCT_BUNDLE_IDENTIFIER = zeljkolucic.EssentialApp;
				PRODUCT_NAME = "$(TARGET_NAME)";
				SWIFT_EMIT_LOC_STRINGS = YES;
				SWIFT_VERSION = 5.0;
				TARGETED_DEVICE_FAMILY = "1,2";
			};
			name = Release;
		};
		E4061431298087640047F2EA /* Debug */ = {
			isa = XCBuildConfiguration;
			buildSettings = {
				ALWAYS_EMBED_SWIFT_STANDARD_LIBRARIES = YES;
				BUNDLE_LOADER = "$(TEST_HOST)";
				CODE_SIGN_STYLE = Automatic;
				CURRENT_PROJECT_VERSION = 1;
				DEVELOPMENT_TEAM = WHP9Z6BC8S;
				GENERATE_INFOPLIST_FILE = YES;
				IPHONEOS_DEPLOYMENT_TARGET = 16.2;
				MARKETING_VERSION = 1.0;
				PRODUCT_BUNDLE_IDENTIFIER = zeljkolucic.EssentialAppTests;
				PRODUCT_NAME = "$(TARGET_NAME)";
				SWIFT_EMIT_LOC_STRINGS = NO;
				SWIFT_VERSION = 5.0;
				TARGETED_DEVICE_FAMILY = "1,2";
				TEST_HOST = "$(BUILT_PRODUCTS_DIR)/EssentialApp.app/$(BUNDLE_EXECUTABLE_FOLDER_PATH)/EssentialApp";
			};
			name = Debug;
		};
		E4061432298087640047F2EA /* Release */ = {
			isa = XCBuildConfiguration;
			buildSettings = {
				ALWAYS_EMBED_SWIFT_STANDARD_LIBRARIES = YES;
				BUNDLE_LOADER = "$(TEST_HOST)";
				CODE_SIGN_STYLE = Automatic;
				CURRENT_PROJECT_VERSION = 1;
				DEVELOPMENT_TEAM = WHP9Z6BC8S;
				GENERATE_INFOPLIST_FILE = YES;
				IPHONEOS_DEPLOYMENT_TARGET = 16.2;
				MARKETING_VERSION = 1.0;
				PRODUCT_BUNDLE_IDENTIFIER = zeljkolucic.EssentialAppTests;
				PRODUCT_NAME = "$(TARGET_NAME)";
				SWIFT_EMIT_LOC_STRINGS = NO;
				SWIFT_VERSION = 5.0;
				TARGETED_DEVICE_FAMILY = "1,2";
				TEST_HOST = "$(BUILT_PRODUCTS_DIR)/EssentialApp.app/$(BUNDLE_EXECUTABLE_FOLDER_PATH)/EssentialApp";
			};
			name = Release;
		};
/* End XCBuildConfiguration section */

/* Begin XCConfigurationList section */
		E40613FE298087620047F2EA /* Build configuration list for PBXProject "EssentialApp" */ = {
			isa = XCConfigurationList;
			buildConfigurations = (
				E406142B298087640047F2EA /* Debug */,
				E406142C298087640047F2EA /* Release */,
			);
			defaultConfigurationIsVisible = 0;
			defaultConfigurationName = Release;
		};
		E406142D298087640047F2EA /* Build configuration list for PBXNativeTarget "EssentialApp" */ = {
			isa = XCConfigurationList;
			buildConfigurations = (
				E406142E298087640047F2EA /* Debug */,
				E406142F298087640047F2EA /* Release */,
			);
			defaultConfigurationIsVisible = 0;
			defaultConfigurationName = Release;
		};
		E4061430298087640047F2EA /* Build configuration list for PBXNativeTarget "EssentialAppTests" */ = {
			isa = XCConfigurationList;
			buildConfigurations = (
				E4061431298087640047F2EA /* Debug */,
				E4061432298087640047F2EA /* Release */,
			);
			defaultConfigurationIsVisible = 0;
			defaultConfigurationName = Release;
		};
/* End XCConfigurationList section */
	};
	rootObject = E40613FB298087620047F2EA /* Project object */;
}
